
Microsoft Visual Studio Solution File, Format Version 12.00
# Visual Studio Version 17
VisualStudioVersion = 17.2.32616.157
MinimumVisualStudioVersion = 10.0.40219.1
Project("{2150E333-8FDC-42A3-9474-1A3956D46DE8}") = "lib", "lib", "{ED996611-FCEC-4B5A-9C30-DF6AC5C178C1}"
EndProject
Project("{2150E333-8FDC-42A3-9474-1A3956D46DE8}") = "samples", "samples", "{407B179E-ED42-4D2F-A089-D0F3C0283079}"
EndProject
Project("{2150E333-8FDC-42A3-9474-1A3956D46DE8}") = "iTin.Core", "iTin.Core", "{E395D3DB-DAC6-48FF-9AE7-D073D4F8BF1B}"
EndProject
Project("{2150E333-8FDC-42A3-9474-1A3956D46DE8}") = "iTin.Registry", "iTin.Registry", "{5D01FE95-A73D-4F46-BCD6-FA67AE81C25A}"
EndProject
Project("{2150E333-8FDC-42A3-9474-1A3956D46DE8}") = "iTin.Core", "iTin.Core", "{5ECD1654-963D-4071-8672-F3A21C1C420B}"
EndProject
Project("{2150E333-8FDC-42A3-9474-1A3956D46DE8}") = "iTin.Core.Drawing", "iTin.Core.Drawing", "{19ECC86B-DA7B-4DF7-8F97-1B3E7B73FD4C}"
EndProject
Project("{2150E333-8FDC-42A3-9474-1A3956D46DE8}") = "iTin.Core.Models", "iTin.Core.Models", "{4675883C-38A8-431B-A20D-339A4F53073E}"
EndProject
Project("{2150E333-8FDC-42A3-9474-1A3956D46DE8}") = "iTin.Core.Models", "iTin.Core.Models", "{00309942-0C9A-4C41-9B91-186347E9D965}"
EndProject
Project("{2150E333-8FDC-42A3-9474-1A3956D46DE8}") = "iTin.Core.Models.Design", "iTin.Core.Models.Design", "{E65060BB-225F-4E99-91CD-990B0F840B8A}"
EndProject
Project("{2150E333-8FDC-42A3-9474-1A3956D46DE8}") = "iTin.Registry.Windows", "iTin.Registry.Windows", "{C0C454E7-3ACF-4BC3-8FE7-D7C56A8CC21E}"
EndProject
Project("{2150E333-8FDC-42A3-9474-1A3956D46DE8}") = "iTin.Utilities.Pdf", "iTin.Utilities.Pdf", "{59C1DA7E-8E6E-46B8-AE4C-040D2D1E6BC8}"
EndProject
Project("{2150E333-8FDC-42A3-9474-1A3956D46DE8}") = "iTin.Utilities.Pdf.Design", "iTin.Utilities.Pdf.Design", "{E8997B6E-BD66-4191-88A0-732186922E6B}"
EndProject
Project("{2150E333-8FDC-42A3-9474-1A3956D46DE8}") = "iTin.Core.IO", "iTin.Core.IO", "{BFB77FD3-DD27-4913-88BD-38D8D2774811}"
EndProject
Project("{2150E333-8FDC-42A3-9474-1A3956D46DE8}") = "iTin.Core.IO", "iTin.Core.IO", "{0AC21C07-EE0B-43A4-8C53-D57C32C2FB4E}"
EndProject
Project("{2150E333-8FDC-42A3-9474-1A3956D46DE8}") = "iTin.Logging", "iTin.Logging", "{48917FD9-3CED-486B-ADA7-17264AAC5BD3}"
EndProject
Project("{2150E333-8FDC-42A3-9474-1A3956D46DE8}") = "iTin.Core.IO.Compression", "iTin.Core.IO.Compression", "{80BB764D-4CF9-4342-B389-549630541F9A}"
EndProject
Project("{2150E333-8FDC-42A3-9474-1A3956D46DE8}") = "iTin.Logging", "iTin.Logging", "{0D4B5CD8-AB14-4AB7-89F9-94145E8B851D}"
EndProject
Project("{2150E333-8FDC-42A3-9474-1A3956D46DE8}") = "iTin.Core.Models.Design.Charting", "iTin.Core.Models.Design.Charting", "{3FA74FAC-C972-46C6-B19D-4E182E4653C0}"
EndProject
Project("{2150E333-8FDC-42A3-9474-1A3956D46DE8}") = "iTin.Core.Models.Design.Styling", "iTin.Core.Models.Design.Styling", "{323A2D74-144F-43D0-B062-E0BD19FFEB85}"
EndProject
Project("{2150E333-8FDC-42A3-9474-1A3956D46DE8}") = "iPdfWriter", "iPdfWriter", "{F9F79AB7-D35A-4DA6-9D1B-12EDC155231C}"
EndProject
Project("{2150E333-8FDC-42A3-9474-1A3956D46DE8}") = "FullFramework", "FullFramework", "{27AC7E7B-D79B-4709-B967-88EB06690929}"
EndProject
Project("{2150E333-8FDC-42A3-9474-1A3956D46DE8}") = "NetCore", "NetCore", "{02113068-6B36-48FD-8235-7854FE46E369}"
EndProject
Project("{2150E333-8FDC-42A3-9474-1A3956D46DE8}") = "iTin.Core.Interop", "iTin.Core.Interop", "{C6542900-9A07-406A-A162-648F95A18305}"
EndProject
Project("{2150E333-8FDC-42A3-9474-1A3956D46DE8}") = "iTin.Core.Interop.Shared", "iTin.Core.Interop.Shared", "{AF73276B-26B2-480A-9F1E-5A11C2ADCE6F}"
EndProject
Project("{2150E333-8FDC-42A3-9474-1A3956D46DE8}") = "iTin.Core.Interop.Windows", "iTin.Core.Interop.Windows", "{62CDAD0B-7EB6-4945-8D25-B2928AD4AB31}"
EndProject
Project("{2150E333-8FDC-42A3-9474-1A3956D46DE8}") = "iTin.Core.Interop.Windows.Devices", "iTin.Core.Interop.Windows.Devices", "{F0E8FE5E-3F1F-4757-94F3-9EC0DFE020C6}"
EndProject
Project("{2150E333-8FDC-42A3-9474-1A3956D46DE8}") = "iTin.Core.Hardware", "iTin.Core.Hardware", "{C19DE7D2-4CCF-459A-9230-791DA46B2E41}"
EndProject
Project("{2150E333-8FDC-42A3-9474-1A3956D46DE8}") = "iTin.Core.Hardware.Common", "iTin.Core.Hardware.Common", "{20663A24-AAC6-4337-9785-2122EC65278A}"
EndProject
Project("{2150E333-8FDC-42A3-9474-1A3956D46DE8}") = "iTin.Core.Hardware.Linux", "iTin.Core.Hardware.Linux", "{DEBEBE86-6F2B-41B2-A71E-24233C4275E8}"
EndProject
Project("{2150E333-8FDC-42A3-9474-1A3956D46DE8}") = "iTin.Core.Hardware.MacOS", "iTin.Core.Hardware.MacOS", "{59086FB7-B78C-4846-85A5-BD642E1492A1}"
EndProject
Project("{2150E333-8FDC-42A3-9474-1A3956D46DE8}") = "iTin.Core.Hardware.Windows", "iTin.Core.Hardware.Windows", "{47412F9B-E02B-44B2-9CEB-91C7BD63D60E}"
EndProject
Project("{2150E333-8FDC-42A3-9474-1A3956D46DE8}") = "iTin.Hardware", "iTin.Hardware", "{2CE9CC43-278C-4EF8-8BBE-FEF53FF2E9F6}"
EndProject
Project("{2150E333-8FDC-42A3-9474-1A3956D46DE8}") = "iTin.Hardware.Abstractions", "iTin.Hardware.Abstractions", "{FD4F48DE-9E3C-4C4E-AA19-B80153C2F03C}"
EndProject
Project("{2150E333-8FDC-42A3-9474-1A3956D46DE8}") = "iTin.Core.Hardware.Abstractions", "iTin.Core.Hardware.Abstractions", "{C7455C8B-70AE-4CB8-9456-5440AF486352}"
EndProject
Project("{2150E333-8FDC-42A3-9474-1A3956D46DE8}") = "iTin", "iTin", "{C986F52A-29E4-4959-926B-D5DF39EFA186}"
EndProject
Project("{2150E333-8FDC-42A3-9474-1A3956D46DE8}") = "iPdfWriter", "iPdfWriter", "{E70D8330-94D1-43C7-AF59-359287CDFD93}"
EndProject
Project("{9A19103F-16F7-4668-BE54-9A1E7A4F7556}") = "iTin.Logging", "src\lib\iTin\iTin.Logging\iTin.Logging\iTin.Logging.csproj", "{B5E02E74-7972-49E5-9BBE-A06DE6AFFE1E}"
EndProject
Project("{9A19103F-16F7-4668-BE54-9A1E7A4F7556}") = "iTin.Core", "src\lib\iTin\iTin.Core\iTin.Core\iTin.Core.csproj", "{E2CDCEC8-8D79-41BA-9D72-E5AC8977B467}"
EndProject
Project("{9A19103F-16F7-4668-BE54-9A1E7A4F7556}") = "iTin.Core.IO", "src\lib\iTin\iTin.Core\iTin.Core.IO\iTin.Core.IO.csproj", "{A9F77DED-C9FE-43BF-A1EA-59BE10C6448F}"
EndProject
Project("{9A19103F-16F7-4668-BE54-9A1E7A4F7556}") = "iTin.Registry.Windows", "src\lib\iTin\iTin.Registry\iTin.Registry.Windows\iTin.Registry.Windows.csproj", "{23D99580-1B6B-439B-903B-B5752F48F616}"
EndProject
Project("{2150E333-8FDC-42A3-9474-1A3956D46DE8}") = "iTin.Utilities", "iTin.Utilities", "{915D3E15-D080-466C-8C3F-956BB0C5390C}"
EndProject
Project("{9A19103F-16F7-4668-BE54-9A1E7A4F7556}") = "iTin.Core.Drawing", "src\lib\iTin\iTin.Core\iTin.Core.Drawing\iTin.Core.Drawing.csproj", "{D274BC63-9027-4A34-8FFC-F722BBED9BE1}"
EndProject
Project("{9A19103F-16F7-4668-BE54-9A1E7A4F7556}") = "iTin.Core.Interop.Shared", "src\lib\iTin\iTin.Core\iTin.Core.Interop\iTin.Core.Interop.Shared\iTin.Core.Interop.Shared.csproj", "{F5ACB3A1-75EE-44E4-9276-04E0F590BCA9}"
EndProject
Project("{9A19103F-16F7-4668-BE54-9A1E7A4F7556}") = "iTin.Core.Interop.Windows.Devices.Graphics.Font", "src\lib\iTin\iTin.Core\iTin.Core.Interop\iTin.Core.Interop.Windows\iTin.Core.Interop.Windows.Devices\iTin.Core.Interop.Windows.Devices.Graphics.Font.csproj", "{DF3E4B40-18D4-4CD7-B6DD-12CA5B2AD7DB}"
EndProject
Project("{9A19103F-16F7-4668-BE54-9A1E7A4F7556}") = "iTin.Core.IO.Compression", "src\lib\iTin\iTin.Core\iTin.Core.IO.Compression\iTin.Core.IO.Compression.csproj", "{DD94C6DB-786F-4701-9BBB-4BCB97EA39E8}"
EndProject
Project("{9A19103F-16F7-4668-BE54-9A1E7A4F7556}") = "iTin.Core.Models", "src\lib\iTin\iTin.Core\iTin.Core.Models\iTin.Core.Models.csproj", "{3D2FFD40-27FF-4295-BA59-C3448DD6DBDB}"
EndProject
Project("{9A19103F-16F7-4668-BE54-9A1E7A4F7556}") = "iTin.Core.Models.Design.Charting", "src\lib\iTin\iTin.Core\iTin.Core.Models.Design\iTin.Core.Models.Design.Charting\iTin.Core.Models.Design.Charting.csproj", "{D0CD9E86-3555-4456-9039-2F7212434F21}"
EndProject
Project("{9A19103F-16F7-4668-BE54-9A1E7A4F7556}") = "iTin.Core.Models.Design.Styling", "src\lib\iTin\iTin.Core\iTin.Core.Models.Design\iTin.Core.Models.Design.Styling\iTin.Core.Models.Design.Styling.csproj", "{FB53B598-F875-4237-B58D-4CDEF70E1B9A}"
EndProject
Project("{9A19103F-16F7-4668-BE54-9A1E7A4F7556}") = "iTin.Utilities.Pdf.Design", "src\lib\iTin\iTin.Utilities\iTin.Utilities.Pdf.Design\iTin.Utilities.Pdf.Design.csproj", "{D014972B-AF57-4157-BDA0-9305502A710A}"
EndProject
Project("{9A19103F-16F7-4668-BE54-9A1E7A4F7556}") = "iTin.Hardware.Abstractions.Devices.Graphics.Font", "src\lib\iTin\iTin.Hardware\iTin.Hardware.Abstractions.Devices.Graphics.Font\iTin.Hardware.Abstractions.Devices.Graphics.Font.csproj", "{E4D1A272-0C57-4A2E-95DB-A40DC9C99940}"
EndProject
Project("{9A19103F-16F7-4668-BE54-9A1E7A4F7556}") = "iPdfWriter", "src\lib\iPdfWriter\iPdfWriter\iPdfWriter.csproj", "{999BA596-B689-4964-9553-F94A43A8EF04}"
EndProject
Project("{9A19103F-16F7-4668-BE54-9A1E7A4F7556}") = "iTin.Core.Hardware.Abstractions", "src\lib\iTin\iTin.Core\iTin.Core.Hardware.Abstractions\iTin.Core.Hardware.Abstractions.csproj", "{0E0D0973-20EE-4F8F-A9D7-53DB2AC0BC35}"
EndProject
Project("{9A19103F-16F7-4668-BE54-9A1E7A4F7556}") = "iTin.Core.Hardware.Common", "src\lib\iTin\iTin.Core\iTin.Core.Hardware.Common\iTin.Core.Hardware.Common.csproj", "{013BA43F-8CA1-41B4-9FC6-546FF64C4EB6}"
EndProject
Project("{9A19103F-16F7-4668-BE54-9A1E7A4F7556}") = "iTin.Core.Hardware.Linux.Devices.Graphics.Font", "src\lib\iTin\iTin.Core\iTin.Core.Hardware.Linux.Devices.Graphics.Font\iTin.Core.Hardware.Linux.Devices.Graphics.Font.csproj", "{B1A3E271-4C00-401E-BA9F-1F479BD575A2}"
EndProject
Project("{9A19103F-16F7-4668-BE54-9A1E7A4F7556}") = "iTin.Core.Hardware.MacOS.Devices.Graphics.Font", "src\lib\iTin\iTin.Core\iTin.Core.Hardware.MacOS.Devices.Graphics.Font\iTin.Core.Hardware.MacOS.Devices.Graphics.Font.csproj", "{DCF4EDF0-74C3-4D2E-8062-6E5B0EAB8FDA}"
EndProject
Project("{9A19103F-16F7-4668-BE54-9A1E7A4F7556}") = "iTin.Core.Hardware.Windows.Devices.Graphics.Font", "src\lib\iTin\iTin.Core\iTin.Core.Hardware.Windows.Devices.Graphics.Font\iTin.Core.Hardware.Windows.Devices.Graphics.Font.csproj", "{141E4911-F40B-4AE0-A68F-40E9035E2F51}"
EndProject
Project("{9A19103F-16F7-4668-BE54-9A1E7A4F7556}") = "iPdfWriter.ConsoleApp", "src\samples\FullFramework\iPdfWriter.ConsoleApp\iPdfWriter.ConsoleApp.csproj", "{B44257BD-C40A-4CBC-B44E-A8456200BC0E}"
EndProject
Project("{9A19103F-16F7-4668-BE54-9A1E7A4F7556}") = "iPdfWriter.ConsoleAppAsync", "src\samples\FullFramework\iPdfWriter.ConsoleAppAsync\iPdfWriter.ConsoleAppAsync.csproj", "{FB82EE9E-6EBF-41DE-A860-A9928D6630F0}"
EndProject
Project("{9A19103F-16F7-4668-BE54-9A1E7A4F7556}") = "iPdfWriter.ConsoleAppCore", "src\samples\NetCore\iPdfWriter.ConsoleAppCore\iPdfWriter.ConsoleAppCore.csproj", "{5C75966B-43F2-4029-802F-2BD81B119370}"
EndProject
Project("{9A19103F-16F7-4668-BE54-9A1E7A4F7556}") = "iPdfWriter.ConsoleAppCoreAsync", "src\samples\NetCore\iPdfWriter.ConsoleAppCoreAsync\iPdfWriter.ConsoleAppCoreAsync.csproj", "{EF94EF32-D621-4247-A03D-A4AC7A5B0C21}"
EndProject
Global
	GlobalSection(SolutionConfigurationPlatforms) = preSolution
		Debug|Any CPU = Debug|Any CPU
		Release|Any CPU = Release|Any CPU
	EndGlobalSection
	GlobalSection(ProjectConfigurationPlatforms) = postSolution
		{B5E02E74-7972-49E5-9BBE-A06DE6AFFE1E}.Debug|Any CPU.ActiveCfg = Debug|Any CPU
		{B5E02E74-7972-49E5-9BBE-A06DE6AFFE1E}.Debug|Any CPU.Build.0 = Debug|Any CPU
		{B5E02E74-7972-49E5-9BBE-A06DE6AFFE1E}.Release|Any CPU.ActiveCfg = Release|Any CPU
		{B5E02E74-7972-49E5-9BBE-A06DE6AFFE1E}.Release|Any CPU.Build.0 = Release|Any CPU
		{E2CDCEC8-8D79-41BA-9D72-E5AC8977B467}.Debug|Any CPU.ActiveCfg = Debug|Any CPU
		{E2CDCEC8-8D79-41BA-9D72-E5AC8977B467}.Debug|Any CPU.Build.0 = Debug|Any CPU
		{E2CDCEC8-8D79-41BA-9D72-E5AC8977B467}.Release|Any CPU.ActiveCfg = Release|Any CPU
		{E2CDCEC8-8D79-41BA-9D72-E5AC8977B467}.Release|Any CPU.Build.0 = Release|Any CPU
		{A9F77DED-C9FE-43BF-A1EA-59BE10C6448F}.Debug|Any CPU.ActiveCfg = Debug|Any CPU
		{A9F77DED-C9FE-43BF-A1EA-59BE10C6448F}.Debug|Any CPU.Build.0 = Debug|Any CPU
		{A9F77DED-C9FE-43BF-A1EA-59BE10C6448F}.Release|Any CPU.ActiveCfg = Release|Any CPU
		{A9F77DED-C9FE-43BF-A1EA-59BE10C6448F}.Release|Any CPU.Build.0 = Release|Any CPU
		{23D99580-1B6B-439B-903B-B5752F48F616}.Debug|Any CPU.ActiveCfg = Debug|Any CPU
		{23D99580-1B6B-439B-903B-B5752F48F616}.Debug|Any CPU.Build.0 = Debug|Any CPU
		{23D99580-1B6B-439B-903B-B5752F48F616}.Release|Any CPU.ActiveCfg = Release|Any CPU
		{23D99580-1B6B-439B-903B-B5752F48F616}.Release|Any CPU.Build.0 = Release|Any CPU
		{D274BC63-9027-4A34-8FFC-F722BBED9BE1}.Debug|Any CPU.ActiveCfg = Debug|Any CPU
		{D274BC63-9027-4A34-8FFC-F722BBED9BE1}.Debug|Any CPU.Build.0 = Debug|Any CPU
		{D274BC63-9027-4A34-8FFC-F722BBED9BE1}.Release|Any CPU.ActiveCfg = Release|Any CPU
		{D274BC63-9027-4A34-8FFC-F722BBED9BE1}.Release|Any CPU.Build.0 = Release|Any CPU
		{F5ACB3A1-75EE-44E4-9276-04E0F590BCA9}.Debug|Any CPU.ActiveCfg = Debug|Any CPU
		{F5ACB3A1-75EE-44E4-9276-04E0F590BCA9}.Debug|Any CPU.Build.0 = Debug|Any CPU
		{F5ACB3A1-75EE-44E4-9276-04E0F590BCA9}.Release|Any CPU.ActiveCfg = Release|Any CPU
		{F5ACB3A1-75EE-44E4-9276-04E0F590BCA9}.Release|Any CPU.Build.0 = Release|Any CPU
		{DF3E4B40-18D4-4CD7-B6DD-12CA5B2AD7DB}.Debug|Any CPU.ActiveCfg = Debug|Any CPU
		{DF3E4B40-18D4-4CD7-B6DD-12CA5B2AD7DB}.Debug|Any CPU.Build.0 = Debug|Any CPU
		{DF3E4B40-18D4-4CD7-B6DD-12CA5B2AD7DB}.Release|Any CPU.ActiveCfg = Release|Any CPU
		{DF3E4B40-18D4-4CD7-B6DD-12CA5B2AD7DB}.Release|Any CPU.Build.0 = Release|Any CPU
		{DD94C6DB-786F-4701-9BBB-4BCB97EA39E8}.Debug|Any CPU.ActiveCfg = Debug|Any CPU
		{DD94C6DB-786F-4701-9BBB-4BCB97EA39E8}.Debug|Any CPU.Build.0 = Debug|Any CPU
		{DD94C6DB-786F-4701-9BBB-4BCB97EA39E8}.Release|Any CPU.ActiveCfg = Release|Any CPU
		{DD94C6DB-786F-4701-9BBB-4BCB97EA39E8}.Release|Any CPU.Build.0 = Release|Any CPU
		{3D2FFD40-27FF-4295-BA59-C3448DD6DBDB}.Debug|Any CPU.ActiveCfg = Debug|Any CPU
		{3D2FFD40-27FF-4295-BA59-C3448DD6DBDB}.Debug|Any CPU.Build.0 = Debug|Any CPU
		{3D2FFD40-27FF-4295-BA59-C3448DD6DBDB}.Release|Any CPU.ActiveCfg = Release|Any CPU
		{3D2FFD40-27FF-4295-BA59-C3448DD6DBDB}.Release|Any CPU.Build.0 = Release|Any CPU
		{D0CD9E86-3555-4456-9039-2F7212434F21}.Debug|Any CPU.ActiveCfg = Debug|Any CPU
		{D0CD9E86-3555-4456-9039-2F7212434F21}.Debug|Any CPU.Build.0 = Debug|Any CPU
		{D0CD9E86-3555-4456-9039-2F7212434F21}.Release|Any CPU.ActiveCfg = Release|Any CPU
		{D0CD9E86-3555-4456-9039-2F7212434F21}.Release|Any CPU.Build.0 = Release|Any CPU
		{FB53B598-F875-4237-B58D-4CDEF70E1B9A}.Debug|Any CPU.ActiveCfg = Debug|Any CPU
		{FB53B598-F875-4237-B58D-4CDEF70E1B9A}.Debug|Any CPU.Build.0 = Debug|Any CPU
		{FB53B598-F875-4237-B58D-4CDEF70E1B9A}.Release|Any CPU.ActiveCfg = Release|Any CPU
		{FB53B598-F875-4237-B58D-4CDEF70E1B9A}.Release|Any CPU.Build.0 = Release|Any CPU
		{D014972B-AF57-4157-BDA0-9305502A710A}.Debug|Any CPU.ActiveCfg = Debug|Any CPU
		{D014972B-AF57-4157-BDA0-9305502A710A}.Debug|Any CPU.Build.0 = Debug|Any CPU
		{D014972B-AF57-4157-BDA0-9305502A710A}.Release|Any CPU.ActiveCfg = Release|Any CPU
		{D014972B-AF57-4157-BDA0-9305502A710A}.Release|Any CPU.Build.0 = Release|Any CPU
		{E4D1A272-0C57-4A2E-95DB-A40DC9C99940}.Debug|Any CPU.ActiveCfg = Debug|Any CPU
		{E4D1A272-0C57-4A2E-95DB-A40DC9C99940}.Debug|Any CPU.Build.0 = Debug|Any CPU
		{E4D1A272-0C57-4A2E-95DB-A40DC9C99940}.Release|Any CPU.ActiveCfg = Release|Any CPU
		{E4D1A272-0C57-4A2E-95DB-A40DC9C99940}.Release|Any CPU.Build.0 = Release|Any CPU
		{999BA596-B689-4964-9553-F94A43A8EF04}.Debug|Any CPU.ActiveCfg = Debug|Any CPU
		{999BA596-B689-4964-9553-F94A43A8EF04}.Debug|Any CPU.Build.0 = Debug|Any CPU
		{999BA596-B689-4964-9553-F94A43A8EF04}.Release|Any CPU.ActiveCfg = Release|Any CPU
		{999BA596-B689-4964-9553-F94A43A8EF04}.Release|Any CPU.Build.0 = Release|Any CPU
		{0E0D0973-20EE-4F8F-A9D7-53DB2AC0BC35}.Debug|Any CPU.ActiveCfg = Debug|Any CPU
		{0E0D0973-20EE-4F8F-A9D7-53DB2AC0BC35}.Debug|Any CPU.Build.0 = Debug|Any CPU
		{0E0D0973-20EE-4F8F-A9D7-53DB2AC0BC35}.Release|Any CPU.ActiveCfg = Release|Any CPU
		{0E0D0973-20EE-4F8F-A9D7-53DB2AC0BC35}.Release|Any CPU.Build.0 = Release|Any CPU
		{013BA43F-8CA1-41B4-9FC6-546FF64C4EB6}.Debug|Any CPU.ActiveCfg = Debug|Any CPU
		{013BA43F-8CA1-41B4-9FC6-546FF64C4EB6}.Debug|Any CPU.Build.0 = Debug|Any CPU
		{013BA43F-8CA1-41B4-9FC6-546FF64C4EB6}.Release|Any CPU.ActiveCfg = Release|Any CPU
		{013BA43F-8CA1-41B4-9FC6-546FF64C4EB6}.Release|Any CPU.Build.0 = Release|Any CPU
		{B1A3E271-4C00-401E-BA9F-1F479BD575A2}.Debug|Any CPU.ActiveCfg = Debug|Any CPU
		{B1A3E271-4C00-401E-BA9F-1F479BD575A2}.Debug|Any CPU.Build.0 = Debug|Any CPU
		{B1A3E271-4C00-401E-BA9F-1F479BD575A2}.Release|Any CPU.ActiveCfg = Release|Any CPU
		{B1A3E271-4C00-401E-BA9F-1F479BD575A2}.Release|Any CPU.Build.0 = Release|Any CPU
		{DCF4EDF0-74C3-4D2E-8062-6E5B0EAB8FDA}.Debug|Any CPU.ActiveCfg = Debug|Any CPU
		{DCF4EDF0-74C3-4D2E-8062-6E5B0EAB8FDA}.Debug|Any CPU.Build.0 = Debug|Any CPU
		{DCF4EDF0-74C3-4D2E-8062-6E5B0EAB8FDA}.Release|Any CPU.ActiveCfg = Release|Any CPU
		{DCF4EDF0-74C3-4D2E-8062-6E5B0EAB8FDA}.Release|Any CPU.Build.0 = Release|Any CPU
		{141E4911-F40B-4AE0-A68F-40E9035E2F51}.Debug|Any CPU.ActiveCfg = Debug|Any CPU
		{141E4911-F40B-4AE0-A68F-40E9035E2F51}.Debug|Any CPU.Build.0 = Debug|Any CPU
		{141E4911-F40B-4AE0-A68F-40E9035E2F51}.Release|Any CPU.ActiveCfg = Release|Any CPU
		{141E4911-F40B-4AE0-A68F-40E9035E2F51}.Release|Any CPU.Build.0 = Release|Any CPU
		{B44257BD-C40A-4CBC-B44E-A8456200BC0E}.Debug|Any CPU.ActiveCfg = Debug|Any CPU
		{B44257BD-C40A-4CBC-B44E-A8456200BC0E}.Debug|Any CPU.Build.0 = Debug|Any CPU
		{B44257BD-C40A-4CBC-B44E-A8456200BC0E}.Release|Any CPU.ActiveCfg = Release|Any CPU
		{B44257BD-C40A-4CBC-B44E-A8456200BC0E}.Release|Any CPU.Build.0 = Release|Any CPU
		{FB82EE9E-6EBF-41DE-A860-A9928D6630F0}.Debug|Any CPU.ActiveCfg = Debug|Any CPU
		{FB82EE9E-6EBF-41DE-A860-A9928D6630F0}.Debug|Any CPU.Build.0 = Debug|Any CPU
		{FB82EE9E-6EBF-41DE-A860-A9928D6630F0}.Release|Any CPU.ActiveCfg = Release|Any CPU
		{FB82EE9E-6EBF-41DE-A860-A9928D6630F0}.Release|Any CPU.Build.0 = Release|Any CPU
		{5C75966B-43F2-4029-802F-2BD81B119370}.Debug|Any CPU.ActiveCfg = Debug|Any CPU
		{5C75966B-43F2-4029-802F-2BD81B119370}.Debug|Any CPU.Build.0 = Debug|Any CPU
		{5C75966B-43F2-4029-802F-2BD81B119370}.Release|Any CPU.ActiveCfg = Release|Any CPU
		{5C75966B-43F2-4029-802F-2BD81B119370}.Release|Any CPU.Build.0 = Release|Any CPU
		{EF94EF32-D621-4247-A03D-A4AC7A5B0C21}.Debug|Any CPU.ActiveCfg = Debug|Any CPU
		{EF94EF32-D621-4247-A03D-A4AC7A5B0C21}.Debug|Any CPU.Build.0 = Debug|Any CPU
		{EF94EF32-D621-4247-A03D-A4AC7A5B0C21}.Release|Any CPU.ActiveCfg = Release|Any CPU
		{EF94EF32-D621-4247-A03D-A4AC7A5B0C21}.Release|Any CPU.Build.0 = Release|Any CPU
	EndGlobalSection
	GlobalSection(SolutionProperties) = preSolution
		HideSolutionNode = FALSE
	EndGlobalSection
	GlobalSection(NestedProjects) = preSolution
		{E395D3DB-DAC6-48FF-9AE7-D073D4F8BF1B} = {C986F52A-29E4-4959-926B-D5DF39EFA186}
		{5D01FE95-A73D-4F46-BCD6-FA67AE81C25A} = {C986F52A-29E4-4959-926B-D5DF39EFA186}
		{5ECD1654-963D-4071-8672-F3A21C1C420B} = {E395D3DB-DAC6-48FF-9AE7-D073D4F8BF1B}
		{19ECC86B-DA7B-4DF7-8F97-1B3E7B73FD4C} = {E395D3DB-DAC6-48FF-9AE7-D073D4F8BF1B}
		{4675883C-38A8-431B-A20D-339A4F53073E} = {E395D3DB-DAC6-48FF-9AE7-D073D4F8BF1B}
		{00309942-0C9A-4C41-9B91-186347E9D965} = {4675883C-38A8-431B-A20D-339A4F53073E}
		{E65060BB-225F-4E99-91CD-990B0F840B8A} = {4675883C-38A8-431B-A20D-339A4F53073E}
		{C0C454E7-3ACF-4BC3-8FE7-D7C56A8CC21E} = {5D01FE95-A73D-4F46-BCD6-FA67AE81C25A}
		{59C1DA7E-8E6E-46B8-AE4C-040D2D1E6BC8} = {915D3E15-D080-466C-8C3F-956BB0C5390C}
		{E8997B6E-BD66-4191-88A0-732186922E6B} = {59C1DA7E-8E6E-46B8-AE4C-040D2D1E6BC8}
		{BFB77FD3-DD27-4913-88BD-38D8D2774811} = {E395D3DB-DAC6-48FF-9AE7-D073D4F8BF1B}
		{0AC21C07-EE0B-43A4-8C53-D57C32C2FB4E} = {BFB77FD3-DD27-4913-88BD-38D8D2774811}
		{48917FD9-3CED-486B-ADA7-17264AAC5BD3} = {C986F52A-29E4-4959-926B-D5DF39EFA186}
		{80BB764D-4CF9-4342-B389-549630541F9A} = {BFB77FD3-DD27-4913-88BD-38D8D2774811}
		{0D4B5CD8-AB14-4AB7-89F9-94145E8B851D} = {48917FD9-3CED-486B-ADA7-17264AAC5BD3}
		{3FA74FAC-C972-46C6-B19D-4E182E4653C0} = {E65060BB-225F-4E99-91CD-990B0F840B8A}
		{323A2D74-144F-43D0-B062-E0BD19FFEB85} = {E65060BB-225F-4E99-91CD-990B0F840B8A}
		{F9F79AB7-D35A-4DA6-9D1B-12EDC155231C} = {E70D8330-94D1-43C7-AF59-359287CDFD93}
		{27AC7E7B-D79B-4709-B967-88EB06690929} = {407B179E-ED42-4D2F-A089-D0F3C0283079}
		{02113068-6B36-48FD-8235-7854FE46E369} = {407B179E-ED42-4D2F-A089-D0F3C0283079}
		{C6542900-9A07-406A-A162-648F95A18305} = {E395D3DB-DAC6-48FF-9AE7-D073D4F8BF1B}
		{AF73276B-26B2-480A-9F1E-5A11C2ADCE6F} = {C6542900-9A07-406A-A162-648F95A18305}
		{62CDAD0B-7EB6-4945-8D25-B2928AD4AB31} = {C6542900-9A07-406A-A162-648F95A18305}
		{F0E8FE5E-3F1F-4757-94F3-9EC0DFE020C6} = {62CDAD0B-7EB6-4945-8D25-B2928AD4AB31}
		{C19DE7D2-4CCF-459A-9230-791DA46B2E41} = {E395D3DB-DAC6-48FF-9AE7-D073D4F8BF1B}
		{20663A24-AAC6-4337-9785-2122EC65278A} = {C19DE7D2-4CCF-459A-9230-791DA46B2E41}
		{DEBEBE86-6F2B-41B2-A71E-24233C4275E8} = {C19DE7D2-4CCF-459A-9230-791DA46B2E41}
		{59086FB7-B78C-4846-85A5-BD642E1492A1} = {C19DE7D2-4CCF-459A-9230-791DA46B2E41}
		{47412F9B-E02B-44B2-9CEB-91C7BD63D60E} = {C19DE7D2-4CCF-459A-9230-791DA46B2E41}
		{2CE9CC43-278C-4EF8-8BBE-FEF53FF2E9F6} = {C986F52A-29E4-4959-926B-D5DF39EFA186}
		{FD4F48DE-9E3C-4C4E-AA19-B80153C2F03C} = {2CE9CC43-278C-4EF8-8BBE-FEF53FF2E9F6}
		{C7455C8B-70AE-4CB8-9456-5440AF486352} = {C19DE7D2-4CCF-459A-9230-791DA46B2E41}
		{C986F52A-29E4-4959-926B-D5DF39EFA186} = {ED996611-FCEC-4B5A-9C30-DF6AC5C178C1}
		{E70D8330-94D1-43C7-AF59-359287CDFD93} = {ED996611-FCEC-4B5A-9C30-DF6AC5C178C1}
		{B5E02E74-7972-49E5-9BBE-A06DE6AFFE1E} = {0D4B5CD8-AB14-4AB7-89F9-94145E8B851D}
		{E2CDCEC8-8D79-41BA-9D72-E5AC8977B467} = {5ECD1654-963D-4071-8672-F3A21C1C420B}
		{A9F77DED-C9FE-43BF-A1EA-59BE10C6448F} = {0AC21C07-EE0B-43A4-8C53-D57C32C2FB4E}
		{23D99580-1B6B-439B-903B-B5752F48F616} = {C0C454E7-3ACF-4BC3-8FE7-D7C56A8CC21E}
		{915D3E15-D080-466C-8C3F-956BB0C5390C} = {E395D3DB-DAC6-48FF-9AE7-D073D4F8BF1B}
		{D274BC63-9027-4A34-8FFC-F722BBED9BE1} = {19ECC86B-DA7B-4DF7-8F97-1B3E7B73FD4C}
		{F5ACB3A1-75EE-44E4-9276-04E0F590BCA9} = {AF73276B-26B2-480A-9F1E-5A11C2ADCE6F}
		{DF3E4B40-18D4-4CD7-B6DD-12CA5B2AD7DB} = {F0E8FE5E-3F1F-4757-94F3-9EC0DFE020C6}
		{DD94C6DB-786F-4701-9BBB-4BCB97EA39E8} = {80BB764D-4CF9-4342-B389-549630541F9A}
		{3D2FFD40-27FF-4295-BA59-C3448DD6DBDB} = {00309942-0C9A-4C41-9B91-186347E9D965}
		{D0CD9E86-3555-4456-9039-2F7212434F21} = {3FA74FAC-C972-46C6-B19D-4E182E4653C0}
		{FB53B598-F875-4237-B58D-4CDEF70E1B9A} = {323A2D74-144F-43D0-B062-E0BD19FFEB85}
		{D014972B-AF57-4157-BDA0-9305502A710A} = {E8997B6E-BD66-4191-88A0-732186922E6B}
		{E4D1A272-0C57-4A2E-95DB-A40DC9C99940} = {FD4F48DE-9E3C-4C4E-AA19-B80153C2F03C}
		{999BA596-B689-4964-9553-F94A43A8EF04} = {F9F79AB7-D35A-4DA6-9D1B-12EDC155231C}
		{0E0D0973-20EE-4F8F-A9D7-53DB2AC0BC35} = {C7455C8B-70AE-4CB8-9456-5440AF486352}
		{013BA43F-8CA1-41B4-9FC6-546FF64C4EB6} = {20663A24-AAC6-4337-9785-2122EC65278A}
		{B1A3E271-4C00-401E-BA9F-1F479BD575A2} = {DEBEBE86-6F2B-41B2-A71E-24233C4275E8}
		{DCF4EDF0-74C3-4D2E-8062-6E5B0EAB8FDA} = {59086FB7-B78C-4846-85A5-BD642E1492A1}
		{141E4911-F40B-4AE0-A68F-40E9035E2F51} = {47412F9B-E02B-44B2-9CEB-91C7BD63D60E}
		{B44257BD-C40A-4CBC-B44E-A8456200BC0E} = {27AC7E7B-D79B-4709-B967-88EB06690929}
		{FB82EE9E-6EBF-41DE-A860-A9928D6630F0} = {27AC7E7B-D79B-4709-B967-88EB06690929}
		{5C75966B-43F2-4029-802F-2BD81B119370} = {02113068-6B36-48FD-8235-7854FE46E369}
		{EF94EF32-D621-4247-A03D-A4AC7A5B0C21} = {02113068-6B36-48FD-8235-7854FE46E369}
	EndGlobalSection
	GlobalSection(ExtensibilityGlobals) = postSolution
		SolutionGuid = {7E253257-825E-40F1-9BD8-3624F02E7544}
	EndGlobalSection
EndGlobal
