
Microsoft Visual Studio Solution File, Format Version 12.00
# Visual Studio Version 17
VisualStudioVersion = 17.2.32616.157
MinimumVisualStudioVersion = 10.0.40219.1
Project("{2150E333-8FDC-42A3-9474-1A3956D46DE8}") = "lib", "lib", "{ED996611-FCEC-4B5A-9C30-DF6AC5C178C1}"
EndProject
Project("{2150E333-8FDC-42A3-9474-1A3956D46DE8}") = "test", "test", "{407B179E-ED42-4D2F-A089-D0F3C0283079}"
EndProject
Project("{2150E333-8FDC-42A3-9474-1A3956D46DE8}") = "iTin.Core", "iTin.Core", "{E395D3DB-DAC6-48FF-9AE7-D073D4F8BF1B}"
EndProject
Project("{9A19103F-16F7-4668-BE54-9A1E7A4F7556}") = "iTin.Core", "src\lib\iTin.Core\iTin.Core\iTin.Core.csproj", "{09441E53-0F94-478F-941A-F2AAAF2C9A2A}"
EndProject
Project("{2150E333-8FDC-42A3-9474-1A3956D46DE8}") = "iTin.Registry", "iTin.Registry", "{5D01FE95-A73D-4F46-BCD6-FA67AE81C25A}"
EndProject
Project("{2150E333-8FDC-42A3-9474-1A3956D46DE8}") = "iTin.Utilities", "iTin.Utilities", "{A9E5B42A-8067-493E-ABA5-824DBA698F45}"
EndProject
Project("{2150E333-8FDC-42A3-9474-1A3956D46DE8}") = "iTin.Core", "iTin.Core", "{5ECD1654-963D-4071-8672-F3A21C1C420B}"
EndProject
Project("{2150E333-8FDC-42A3-9474-1A3956D46DE8}") = "iTin.Core.Drawing", "iTin.Core.Drawing", "{19ECC86B-DA7B-4DF7-8F97-1B3E7B73FD4C}"
EndProject
Project("{2150E333-8FDC-42A3-9474-1A3956D46DE8}") = "iTin.Core.Models", "iTin.Core.Models", "{4675883C-38A8-431B-A20D-339A4F53073E}"
EndProject
Project("{2150E333-8FDC-42A3-9474-1A3956D46DE8}") = "iTin.Core.Models", "iTin.Core.Models", "{00309942-0C9A-4C41-9B91-186347E9D965}"
EndProject
Project("{2150E333-8FDC-42A3-9474-1A3956D46DE8}") = "iTin.Core.Models.Design", "iTin.Core.Models.Design", "{E65060BB-225F-4E99-91CD-990B0F840B8A}"
EndProject
Project("{2150E333-8FDC-42A3-9474-1A3956D46DE8}") = "iTin.Registry.Windows", "iTin.Registry.Windows", "{C0C454E7-3ACF-4BC3-8FE7-D7C56A8CC21E}"
EndProject
Project("{2150E333-8FDC-42A3-9474-1A3956D46DE8}") = "iTin.Utilities.Pdf", "iTin.Utilities.Pdf", "{59C1DA7E-8E6E-46B8-AE4C-040D2D1E6BC8}"
EndProject
Project("{2150E333-8FDC-42A3-9474-1A3956D46DE8}") = "iTin.Utilities.Pdf.Design", "iTin.Utilities.Pdf.Design", "{E8997B6E-BD66-4191-88A0-732186922E6B}"
EndProject
Project("{9A19103F-16F7-4668-BE54-9A1E7A4F7556}") = "iTin.Core.Models", "src\lib\iTin.Core\iTin.Core.Models\iTin.Core.Models.csproj", "{618E1955-ECBA-448E-A887-21F78EE1035C}"
EndProject
Project("{2150E333-8FDC-42A3-9474-1A3956D46DE8}") = "iTin.Core.IO", "iTin.Core.IO", "{BFB77FD3-DD27-4913-88BD-38D8D2774811}"
EndProject
Project("{2150E333-8FDC-42A3-9474-1A3956D46DE8}") = "iTin.Core.IO", "iTin.Core.IO", "{0AC21C07-EE0B-43A4-8C53-D57C32C2FB4E}"
EndProject
Project("{9A19103F-16F7-4668-BE54-9A1E7A4F7556}") = "iTin.Core.IO", "src\lib\iTin.Core\iTin.Core.IO\iTin.Core.IO.csproj", "{A2BA8933-D29D-4856-87B9-29E1D3D0B034}"
EndProject
Project("{9A19103F-16F7-4668-BE54-9A1E7A4F7556}") = "iTin.Registry.Windows", "src\lib\iTin.Registry\iTin.Registry.Windows\iTin.Registry.Windows.csproj", "{F84A6155-6936-4735-9789-922A6739BC12}"
EndProject
Project("{2150E333-8FDC-42A3-9474-1A3956D46DE8}") = "iTin.Logging", "iTin.Logging", "{48917FD9-3CED-486B-ADA7-17264AAC5BD3}"
EndProject
Project("{9A19103F-16F7-4668-BE54-9A1E7A4F7556}") = "iTin.Logging", "src\lib\iTin.Logging\iTin.Logging\iTin.Logging.csproj", "{0551AB0C-78A7-45BD-B1A0-D1451D5D70D6}"
EndProject
Project("{9A19103F-16F7-4668-BE54-9A1E7A4F7556}") = "iTin.Core.Drawing", "src\lib\iTin.Core\iTin.Core.Drawing\iTin.Core.Drawing.csproj", "{3F898486-EE6C-41F9-A118-5EA4474438AA}"
EndProject
Project("{2150E333-8FDC-42A3-9474-1A3956D46DE8}") = "iTin.Core.IO.Compression", "iTin.Core.IO.Compression", "{80BB764D-4CF9-4342-B389-549630541F9A}"
EndProject
Project("{9A19103F-16F7-4668-BE54-9A1E7A4F7556}") = "iTin.Core.IO.Compression", "src\lib\iTin.Core\iTin.Core.IO.Compression\iTin.Core.IO.Compression.csproj", "{D9FDF483-5DB1-4C3D-8EEA-4C3714F46E48}"
EndProject
Project("{2150E333-8FDC-42A3-9474-1A3956D46DE8}") = "iTin.Logging", "iTin.Logging", "{0D4B5CD8-AB14-4AB7-89F9-94145E8B851D}"
EndProject
Project("{2150E333-8FDC-42A3-9474-1A3956D46DE8}") = "iTin.Core.Models.Design.Charting", "iTin.Core.Models.Design.Charting", "{3FA74FAC-C972-46C6-B19D-4E182E4653C0}"
EndProject
Project("{2150E333-8FDC-42A3-9474-1A3956D46DE8}") = "iTin.Core.Models.Design.Styling", "iTin.Core.Models.Design.Styling", "{323A2D74-144F-43D0-B062-E0BD19FFEB85}"
EndProject
Project("{9A19103F-16F7-4668-BE54-9A1E7A4F7556}") = "iTin.Core.Models.Design.Charting", "src\lib\iTin.Core\iTin.Core.Models.Design\iTin.Core.Models.Design.Charting\iTin.Core.Models.Design.Charting.csproj", "{7A876671-3BBA-4214-BD2F-DCD6A61001F4}"
EndProject
Project("{9A19103F-16F7-4668-BE54-9A1E7A4F7556}") = "iTin.Core.Models.Design.Styling", "src\lib\iTin.Core\iTin.Core.Models.Design\iTin.Core.Models.Design.Styling\iTin.Core.Models.Design.Styling.csproj", "{69862B79-C1B2-4876-AA0B-AC15CEA04B36}"
EndProject
Project("{2150E333-8FDC-42A3-9474-1A3956D46DE8}") = "iTin.Utilities.Pdf.Writer", "iTin.Utilities.Pdf.Writer", "{F9F79AB7-D35A-4DA6-9D1B-12EDC155231C}"
EndProject
Project("{9A19103F-16F7-4668-BE54-9A1E7A4F7556}") = "iTin.Utilities.Pdf.Design", "src\lib\iTin.Utilities\iTin.Utilities.Pdf\iTin.Utilities.Pdf.Design\iTin.Utilities.Pdf.Design.csproj", "{B44DB04D-3A72-44AF-AE84-660B49C83776}"
EndProject
Project("{9A19103F-16F7-4668-BE54-9A1E7A4F7556}") = "iTin.Utilities.Pdf.Writer", "src\lib\iTin.Utilities\iTin.Utilities.Pdf\iTin.Utilities.Pdf.Writer\iTin.Utilities.Pdf.Writer.csproj", "{910625B8-8E28-4FDF-99F5-BC4C5928B8F3}"
EndProject
Project("{2150E333-8FDC-42A3-9474-1A3956D46DE8}") = "FullFramework", "FullFramework", "{27AC7E7B-D79B-4709-B967-88EB06690929}"
EndProject
Project("{2150E333-8FDC-42A3-9474-1A3956D46DE8}") = "NetCore", "NetCore", "{02113068-6B36-48FD-8235-7854FE46E369}"
EndProject
Project("{9A19103F-16F7-4668-BE54-9A1E7A4F7556}") = "iPdfWriter.ConsoleAppCore31", "src\test\NetCore\iPdfWriter.ConsoleAppCore31\iPdfWriter.ConsoleAppCore31.csproj", "{17D46FCC-A621-4127-BDAA-BE8A1D65E1ED}"
EndProject
Project("{9A19103F-16F7-4668-BE54-9A1E7A4F7556}") = "iPdfWriter.ConsoleAppCore60", "src\test\NetCore\iPdfWriter.ConsoleAppCore60\iPdfWriter.ConsoleAppCore60.csproj", "{7CAB31F7-6D2B-4A5A-BF78-140E3EE422F3}"
EndProject
Project("{9A19103F-16F7-4668-BE54-9A1E7A4F7556}") = "iPdfWriter.ConsoleApp472", "src\test\FullFramework\iPdfWriter.ConsoleApp472\iPdfWriter.ConsoleApp472.csproj", "{9E48AB08-E88E-4A44-A646-972BAF139AD0}"
EndProject
Project("{2150E333-8FDC-42A3-9474-1A3956D46DE8}") = "iTin.Core.Interop", "iTin.Core.Interop", "{C6542900-9A07-406A-A162-648F95A18305}"
EndProject
Project("{9A19103F-16F7-4668-BE54-9A1E7A4F7556}") = "iTin.Core.Interop.Shared", "src\lib\iTin.Core\iTin.Core.Interop\iTin.Core.Interop.Shared\iTin.Core.Interop.Shared.csproj", "{1ADAA669-65F4-4649-9C84-C2A2ED1FA4A8}"
EndProject
Project("{2150E333-8FDC-42A3-9474-1A3956D46DE8}") = "iTin.Core.Interop.Shared", "iTin.Core.Interop.Shared", "{AF73276B-26B2-480A-9F1E-5A11C2ADCE6F}"
EndProject
Project("{9A19103F-16F7-4668-BE54-9A1E7A4F7556}") = "iTin.Core.Interop.Windows.Devices.Graphics.Font", "src\lib\iTin.Core\iTin.Core.Interop\iTin.Core.Interop.Windows\iTin.Core.Interop.Windows.Devices\iTin.Core.Interop.Windows.Devices.Graphics.Font.csproj", "{D05857D2-FBFB-4A55-8DFD-165D44349DAE}"
EndProject
Project("{2150E333-8FDC-42A3-9474-1A3956D46DE8}") = "iTin.Core.Interop.Windows", "iTin.Core.Interop.Windows", "{62CDAD0B-7EB6-4945-8D25-B2928AD4AB31}"
EndProject
Project("{2150E333-8FDC-42A3-9474-1A3956D46DE8}") = "iTin.Core.Interop.Windows.Devices", "iTin.Core.Interop.Windows.Devices", "{F0E8FE5E-3F1F-4757-94F3-9EC0DFE020C6}"
EndProject
Project("{2150E333-8FDC-42A3-9474-1A3956D46DE8}") = "iTin.Core.Hardware", "iTin.Core.Hardware", "{C19DE7D2-4CCF-459A-9230-791DA46B2E41}"
EndProject
Project("{2150E333-8FDC-42A3-9474-1A3956D46DE8}") = "iTin.Core.Hardware.Common", "iTin.Core.Hardware.Common", "{20663A24-AAC6-4337-9785-2122EC65278A}"
EndProject
Project("{9A19103F-16F7-4668-BE54-9A1E7A4F7556}") = "iTin.Core.Hardware.Common", "src\lib\iTin.Core\iTin.Core.Hardware\iTin.Core.Hardware.Common\iTin.Core.Hardware.Common.csproj", "{CA0E221F-AF35-4DE4-8B94-65859366882E}"
EndProject
Project("{2150E333-8FDC-42A3-9474-1A3956D46DE8}") = "iTin.Core.Hardware.Linux", "iTin.Core.Hardware.Linux", "{DEBEBE86-6F2B-41B2-A71E-24233C4275E8}"
EndProject
Project("{2150E333-8FDC-42A3-9474-1A3956D46DE8}") = "iTin.Core.Hardware.MacOS", "iTin.Core.Hardware.MacOS", "{59086FB7-B78C-4846-85A5-BD642E1492A1}"
EndProject
Project("{2150E333-8FDC-42A3-9474-1A3956D46DE8}") = "iTin.Core.Hardware.Windows", "iTin.Core.Hardware.Windows", "{47412F9B-E02B-44B2-9CEB-91C7BD63D60E}"
EndProject
Project("{2150E333-8FDC-42A3-9474-1A3956D46DE8}") = "iTin.Hardware", "iTin.Hardware", "{2CE9CC43-278C-4EF8-8BBE-FEF53FF2E9F6}"
EndProject
Project("{2150E333-8FDC-42A3-9474-1A3956D46DE8}") = "iTin.Hardware.Abstractions", "iTin.Hardware.Abstractions", "{FD4F48DE-9E3C-4C4E-AA19-B80153C2F03C}"
EndProject
Project("{2150E333-8FDC-42A3-9474-1A3956D46DE8}") = "iTin.Core.Hardware.Abstractions", "iTin.Core.Hardware.Abstractions", "{C7455C8B-70AE-4CB8-9456-5440AF486352}"
EndProject
Project("{9A19103F-16F7-4668-BE54-9A1E7A4F7556}") = "iTin.Core.Hardware.Abstractions", "src\lib\iTin.Core\iTin.Core.Hardware\iTin.Core.Hardware.Abstractions\iTin.Core.Hardware.Abstractions.csproj", "{39F9B174-5A4F-4E60-90DF-258A366B96AE}"
EndProject
Project("{9A19103F-16F7-4668-BE54-9A1E7A4F7556}") = "iTin.Core.Hardware.Linux.Devices.Graphics.Font", "src\lib\iTin.Core\iTin.Core.Hardware\iTin.Core.Hardware.Linux.Devices.Graphics.Font\iTin.Core.Hardware.Linux.Devices.Graphics.Font.csproj", "{4AA0BBC8-E853-4C34-A384-FCE899299448}"
EndProject
Project("{9A19103F-16F7-4668-BE54-9A1E7A4F7556}") = "iTin.Core.Hardware.MacOS.Devices.Graphics.Font", "src\lib\iTin.Core\iTin.Core.Hardware\iTin.Core.Hardware.MacOS.Devices.Graphics.Font\iTin.Core.Hardware.MacOS.Devices.Graphics.Font.csproj", "{CBB6CC02-9360-45DB-8343-336BD11DBE6B}"
EndProject
Project("{9A19103F-16F7-4668-BE54-9A1E7A4F7556}") = "iTin.Core.Hardware.Windows.Devices.Graphics.Font", "src\lib\iTin.Core\iTin.Core.Hardware\iTin.Core.Hardware.Windows.Devices.Graphics.Font\iTin.Core.Hardware.Windows.Devices.Graphics.Font.csproj", "{F65FFE18-8359-4DE4-9036-B96C3F64D587}"
EndProject
Project("{2150E333-8FDC-42A3-9474-1A3956D46DE8}") = "iTin.Utilities.Pdf.Writer", "iTin.Utilities.Pdf.Writer", "{552537DC-1F99-4173-89B8-F706901CCB42}"
EndProject
Project("{2150E333-8FDC-42A3-9474-1A3956D46DE8}") = "iTin.Utilities.Abstractions", "iTin.Utilities.Abstractions", "{B96443A0-61D9-409A-A15D-E0801A6D91B5}"
EndProject
Project("{9A19103F-16F7-4668-BE54-9A1E7A4F7556}") = "iPdfWriter.ConsoleApp472.Async", "src\test\FullFramework\iPdfWriter.ConsoleApp472.Async\iPdfWriter.ConsoleApp472.Async.csproj", "{34F2778E-F241-416E-9C6A-60A0C28BE1A6}"
EndProject
Project("{9A19103F-16F7-4668-BE54-9A1E7A4F7556}") = "iPdfWriter.ConsoleAppCore31.Async", "src\test\NetCore\iPdfWriter.ConsoleAppCore31.Async\iPdfWriter.ConsoleAppCore31.Async.csproj", "{F9AAD4F8-E660-4A9F-A9E5-1F026AA3938A}"
EndProject
Project("{9A19103F-16F7-4668-BE54-9A1E7A4F7556}") = "iPdfWriter.ConsoleAppCore60.Async", "src\test\NetCore\iPdfWriter.ConsoleAppCore60.Async\iPdfWriter.ConsoleAppCore60.Async.csproj", "{C7443BFB-694D-4C54-ACA4-EFA550A3744A}"
EndProject
Project("{2150E333-8FDC-42A3-9474-1A3956D46DE8}") = "iTin.Utilities.Pdf.Design", "iTin.Utilities.Pdf.Design", "{F60442CD-53D4-4B42-A185-70287C45EDA5}"
EndProject
Project("{2150E333-8FDC-42A3-9474-1A3956D46DE8}") = "iTin.Utilities.Abstractions.Writer", "iTin.Utilities.Abstractions.Writer", "{5E9F51C8-E737-477D-8CD2-9CA329E22D3A}"
EndProject
Project("{9A19103F-16F7-4668-BE54-9A1E7A4F7556}") = "iTin.Utilities.Abstractions.Writer", "src\lib\iTin.Utilities\iTin.Utilities.Abstractions\iTin.Utilities.Abstractions.Writer\iTin.Utilities.Abstractions.Writer.csproj", "{C390331D-D64E-4483-B572-67E2BD1D8548}"
EndProject
Project("{9A19103F-16F7-4668-BE54-9A1E7A4F7556}") = "iTin.Hardware.Abstractions.Devices.Graphics.Font", "src\lib\iTin.Hardware\iTin.Hardware.Abstractions.Devices.Graphics.Font\iTin.Hardware.Abstractions.Devices.Graphics.Font.csproj", "{961107A9-B668-4176-BDF8-A7260D8C227A}"
EndProject
Global
	GlobalSection(SolutionConfigurationPlatforms) = preSolution
		Debug|Any CPU = Debug|Any CPU
		Release|Any CPU = Release|Any CPU
	EndGlobalSection
	GlobalSection(ProjectConfigurationPlatforms) = postSolution
		{09441E53-0F94-478F-941A-F2AAAF2C9A2A}.Debug|Any CPU.ActiveCfg = Debug|Any CPU
		{09441E53-0F94-478F-941A-F2AAAF2C9A2A}.Debug|Any CPU.Build.0 = Debug|Any CPU
		{09441E53-0F94-478F-941A-F2AAAF2C9A2A}.Release|Any CPU.ActiveCfg = Release|Any CPU
		{09441E53-0F94-478F-941A-F2AAAF2C9A2A}.Release|Any CPU.Build.0 = Release|Any CPU
		{618E1955-ECBA-448E-A887-21F78EE1035C}.Debug|Any CPU.ActiveCfg = Debug|Any CPU
		{618E1955-ECBA-448E-A887-21F78EE1035C}.Debug|Any CPU.Build.0 = Debug|Any CPU
		{618E1955-ECBA-448E-A887-21F78EE1035C}.Release|Any CPU.ActiveCfg = Release|Any CPU
		{618E1955-ECBA-448E-A887-21F78EE1035C}.Release|Any CPU.Build.0 = Release|Any CPU
		{A2BA8933-D29D-4856-87B9-29E1D3D0B034}.Debug|Any CPU.ActiveCfg = Debug|Any CPU
		{A2BA8933-D29D-4856-87B9-29E1D3D0B034}.Debug|Any CPU.Build.0 = Debug|Any CPU
		{A2BA8933-D29D-4856-87B9-29E1D3D0B034}.Release|Any CPU.ActiveCfg = Release|Any CPU
		{A2BA8933-D29D-4856-87B9-29E1D3D0B034}.Release|Any CPU.Build.0 = Release|Any CPU
		{F84A6155-6936-4735-9789-922A6739BC12}.Debug|Any CPU.ActiveCfg = Debug|Any CPU
		{F84A6155-6936-4735-9789-922A6739BC12}.Debug|Any CPU.Build.0 = Debug|Any CPU
		{F84A6155-6936-4735-9789-922A6739BC12}.Release|Any CPU.ActiveCfg = Release|Any CPU
		{F84A6155-6936-4735-9789-922A6739BC12}.Release|Any CPU.Build.0 = Release|Any CPU
		{0551AB0C-78A7-45BD-B1A0-D1451D5D70D6}.Debug|Any CPU.ActiveCfg = Debug|Any CPU
		{0551AB0C-78A7-45BD-B1A0-D1451D5D70D6}.Debug|Any CPU.Build.0 = Debug|Any CPU
		{0551AB0C-78A7-45BD-B1A0-D1451D5D70D6}.Release|Any CPU.ActiveCfg = Release|Any CPU
		{0551AB0C-78A7-45BD-B1A0-D1451D5D70D6}.Release|Any CPU.Build.0 = Release|Any CPU
		{3F898486-EE6C-41F9-A118-5EA4474438AA}.Debug|Any CPU.ActiveCfg = Debug|Any CPU
		{3F898486-EE6C-41F9-A118-5EA4474438AA}.Debug|Any CPU.Build.0 = Debug|Any CPU
		{3F898486-EE6C-41F9-A118-5EA4474438AA}.Release|Any CPU.ActiveCfg = Release|Any CPU
		{3F898486-EE6C-41F9-A118-5EA4474438AA}.Release|Any CPU.Build.0 = Release|Any CPU
		{D9FDF483-5DB1-4C3D-8EEA-4C3714F46E48}.Debug|Any CPU.ActiveCfg = Debug|Any CPU
		{D9FDF483-5DB1-4C3D-8EEA-4C3714F46E48}.Debug|Any CPU.Build.0 = Debug|Any CPU
		{D9FDF483-5DB1-4C3D-8EEA-4C3714F46E48}.Release|Any CPU.ActiveCfg = Release|Any CPU
		{D9FDF483-5DB1-4C3D-8EEA-4C3714F46E48}.Release|Any CPU.Build.0 = Release|Any CPU
		{7A876671-3BBA-4214-BD2F-DCD6A61001F4}.Debug|Any CPU.ActiveCfg = Debug|Any CPU
		{7A876671-3BBA-4214-BD2F-DCD6A61001F4}.Debug|Any CPU.Build.0 = Debug|Any CPU
		{7A876671-3BBA-4214-BD2F-DCD6A61001F4}.Release|Any CPU.ActiveCfg = Release|Any CPU
		{7A876671-3BBA-4214-BD2F-DCD6A61001F4}.Release|Any CPU.Build.0 = Release|Any CPU
		{69862B79-C1B2-4876-AA0B-AC15CEA04B36}.Debug|Any CPU.ActiveCfg = Debug|Any CPU
		{69862B79-C1B2-4876-AA0B-AC15CEA04B36}.Debug|Any CPU.Build.0 = Debug|Any CPU
		{69862B79-C1B2-4876-AA0B-AC15CEA04B36}.Release|Any CPU.ActiveCfg = Release|Any CPU
		{69862B79-C1B2-4876-AA0B-AC15CEA04B36}.Release|Any CPU.Build.0 = Release|Any CPU
		{B44DB04D-3A72-44AF-AE84-660B49C83776}.Debug|Any CPU.ActiveCfg = Debug|Any CPU
		{B44DB04D-3A72-44AF-AE84-660B49C83776}.Debug|Any CPU.Build.0 = Debug|Any CPU
		{B44DB04D-3A72-44AF-AE84-660B49C83776}.Release|Any CPU.ActiveCfg = Release|Any CPU
		{B44DB04D-3A72-44AF-AE84-660B49C83776}.Release|Any CPU.Build.0 = Release|Any CPU
		{910625B8-8E28-4FDF-99F5-BC4C5928B8F3}.Debug|Any CPU.ActiveCfg = Debug|Any CPU
		{910625B8-8E28-4FDF-99F5-BC4C5928B8F3}.Debug|Any CPU.Build.0 = Debug|Any CPU
		{910625B8-8E28-4FDF-99F5-BC4C5928B8F3}.Release|Any CPU.ActiveCfg = Release|Any CPU
		{910625B8-8E28-4FDF-99F5-BC4C5928B8F3}.Release|Any CPU.Build.0 = Release|Any CPU
		{17D46FCC-A621-4127-BDAA-BE8A1D65E1ED}.Debug|Any CPU.ActiveCfg = Debug|Any CPU
		{17D46FCC-A621-4127-BDAA-BE8A1D65E1ED}.Debug|Any CPU.Build.0 = Debug|Any CPU
		{17D46FCC-A621-4127-BDAA-BE8A1D65E1ED}.Release|Any CPU.ActiveCfg = Release|Any CPU
		{17D46FCC-A621-4127-BDAA-BE8A1D65E1ED}.Release|Any CPU.Build.0 = Release|Any CPU
		{7CAB31F7-6D2B-4A5A-BF78-140E3EE422F3}.Debug|Any CPU.ActiveCfg = Debug|Any CPU
		{7CAB31F7-6D2B-4A5A-BF78-140E3EE422F3}.Debug|Any CPU.Build.0 = Debug|Any CPU
		{7CAB31F7-6D2B-4A5A-BF78-140E3EE422F3}.Release|Any CPU.ActiveCfg = Release|Any CPU
		{7CAB31F7-6D2B-4A5A-BF78-140E3EE422F3}.Release|Any CPU.Build.0 = Release|Any CPU
		{9E48AB08-E88E-4A44-A646-972BAF139AD0}.Debug|Any CPU.ActiveCfg = Debug|Any CPU
		{9E48AB08-E88E-4A44-A646-972BAF139AD0}.Debug|Any CPU.Build.0 = Debug|Any CPU
		{9E48AB08-E88E-4A44-A646-972BAF139AD0}.Release|Any CPU.ActiveCfg = Release|Any CPU
		{9E48AB08-E88E-4A44-A646-972BAF139AD0}.Release|Any CPU.Build.0 = Release|Any CPU
		{1ADAA669-65F4-4649-9C84-C2A2ED1FA4A8}.Debug|Any CPU.ActiveCfg = Debug|Any CPU
		{1ADAA669-65F4-4649-9C84-C2A2ED1FA4A8}.Debug|Any CPU.Build.0 = Debug|Any CPU
		{1ADAA669-65F4-4649-9C84-C2A2ED1FA4A8}.Release|Any CPU.ActiveCfg = Release|Any CPU
		{1ADAA669-65F4-4649-9C84-C2A2ED1FA4A8}.Release|Any CPU.Build.0 = Release|Any CPU
		{D05857D2-FBFB-4A55-8DFD-165D44349DAE}.Debug|Any CPU.ActiveCfg = Debug|Any CPU
		{D05857D2-FBFB-4A55-8DFD-165D44349DAE}.Debug|Any CPU.Build.0 = Debug|Any CPU
		{D05857D2-FBFB-4A55-8DFD-165D44349DAE}.Release|Any CPU.ActiveCfg = Release|Any CPU
		{D05857D2-FBFB-4A55-8DFD-165D44349DAE}.Release|Any CPU.Build.0 = Release|Any CPU
		{CA0E221F-AF35-4DE4-8B94-65859366882E}.Debug|Any CPU.ActiveCfg = Debug|Any CPU
		{CA0E221F-AF35-4DE4-8B94-65859366882E}.Debug|Any CPU.Build.0 = Debug|Any CPU
		{CA0E221F-AF35-4DE4-8B94-65859366882E}.Release|Any CPU.ActiveCfg = Release|Any CPU
		{CA0E221F-AF35-4DE4-8B94-65859366882E}.Release|Any CPU.Build.0 = Release|Any CPU
		{39F9B174-5A4F-4E60-90DF-258A366B96AE}.Debug|Any CPU.ActiveCfg = Debug|Any CPU
		{39F9B174-5A4F-4E60-90DF-258A366B96AE}.Debug|Any CPU.Build.0 = Debug|Any CPU
		{39F9B174-5A4F-4E60-90DF-258A366B96AE}.Release|Any CPU.ActiveCfg = Release|Any CPU
		{39F9B174-5A4F-4E60-90DF-258A366B96AE}.Release|Any CPU.Build.0 = Release|Any CPU
		{4AA0BBC8-E853-4C34-A384-FCE899299448}.Debug|Any CPU.ActiveCfg = Debug|Any CPU
		{4AA0BBC8-E853-4C34-A384-FCE899299448}.Debug|Any CPU.Build.0 = Debug|Any CPU
		{4AA0BBC8-E853-4C34-A384-FCE899299448}.Release|Any CPU.ActiveCfg = Release|Any CPU
		{4AA0BBC8-E853-4C34-A384-FCE899299448}.Release|Any CPU.Build.0 = Release|Any CPU
		{CBB6CC02-9360-45DB-8343-336BD11DBE6B}.Debug|Any CPU.ActiveCfg = Debug|Any CPU
		{CBB6CC02-9360-45DB-8343-336BD11DBE6B}.Debug|Any CPU.Build.0 = Debug|Any CPU
		{CBB6CC02-9360-45DB-8343-336BD11DBE6B}.Release|Any CPU.ActiveCfg = Release|Any CPU
		{CBB6CC02-9360-45DB-8343-336BD11DBE6B}.Release|Any CPU.Build.0 = Release|Any CPU
		{F65FFE18-8359-4DE4-9036-B96C3F64D587}.Debug|Any CPU.ActiveCfg = Debug|Any CPU
		{F65FFE18-8359-4DE4-9036-B96C3F64D587}.Debug|Any CPU.Build.0 = Debug|Any CPU
		{F65FFE18-8359-4DE4-9036-B96C3F64D587}.Release|Any CPU.ActiveCfg = Release|Any CPU
		{F65FFE18-8359-4DE4-9036-B96C3F64D587}.Release|Any CPU.Build.0 = Release|Any CPU
		{34F2778E-F241-416E-9C6A-60A0C28BE1A6}.Debug|Any CPU.ActiveCfg = Debug|Any CPU
		{34F2778E-F241-416E-9C6A-60A0C28BE1A6}.Debug|Any CPU.Build.0 = Debug|Any CPU
		{34F2778E-F241-416E-9C6A-60A0C28BE1A6}.Release|Any CPU.ActiveCfg = Release|Any CPU
		{34F2778E-F241-416E-9C6A-60A0C28BE1A6}.Release|Any CPU.Build.0 = Release|Any CPU
		{F9AAD4F8-E660-4A9F-A9E5-1F026AA3938A}.Debug|Any CPU.ActiveCfg = Debug|Any CPU
		{F9AAD4F8-E660-4A9F-A9E5-1F026AA3938A}.Debug|Any CPU.Build.0 = Debug|Any CPU
		{F9AAD4F8-E660-4A9F-A9E5-1F026AA3938A}.Release|Any CPU.ActiveCfg = Release|Any CPU
		{F9AAD4F8-E660-4A9F-A9E5-1F026AA3938A}.Release|Any CPU.Build.0 = Release|Any CPU
		{C7443BFB-694D-4C54-ACA4-EFA550A3744A}.Debug|Any CPU.ActiveCfg = Debug|Any CPU
		{C7443BFB-694D-4C54-ACA4-EFA550A3744A}.Debug|Any CPU.Build.0 = Debug|Any CPU
		{C7443BFB-694D-4C54-ACA4-EFA550A3744A}.Release|Any CPU.ActiveCfg = Release|Any CPU
		{C7443BFB-694D-4C54-ACA4-EFA550A3744A}.Release|Any CPU.Build.0 = Release|Any CPU
		{C390331D-D64E-4483-B572-67E2BD1D8548}.Debug|Any CPU.ActiveCfg = Debug|Any CPU
		{C390331D-D64E-4483-B572-67E2BD1D8548}.Debug|Any CPU.Build.0 = Debug|Any CPU
		{C390331D-D64E-4483-B572-67E2BD1D8548}.Release|Any CPU.ActiveCfg = Release|Any CPU
		{C390331D-D64E-4483-B572-67E2BD1D8548}.Release|Any CPU.Build.0 = Release|Any CPU
		{961107A9-B668-4176-BDF8-A7260D8C227A}.Debug|Any CPU.ActiveCfg = Debug|Any CPU
		{961107A9-B668-4176-BDF8-A7260D8C227A}.Debug|Any CPU.Build.0 = Debug|Any CPU
		{961107A9-B668-4176-BDF8-A7260D8C227A}.Release|Any CPU.ActiveCfg = Release|Any CPU
		{961107A9-B668-4176-BDF8-A7260D8C227A}.Release|Any CPU.Build.0 = Release|Any CPU
	EndGlobalSection
	GlobalSection(SolutionProperties) = preSolution
		HideSolutionNode = FALSE
	EndGlobalSection
	GlobalSection(NestedProjects) = preSolution
		{E395D3DB-DAC6-48FF-9AE7-D073D4F8BF1B} = {ED996611-FCEC-4B5A-9C30-DF6AC5C178C1}
		{09441E53-0F94-478F-941A-F2AAAF2C9A2A} = {5ECD1654-963D-4071-8672-F3A21C1C420B}
		{5D01FE95-A73D-4F46-BCD6-FA67AE81C25A} = {ED996611-FCEC-4B5A-9C30-DF6AC5C178C1}
		{A9E5B42A-8067-493E-ABA5-824DBA698F45} = {ED996611-FCEC-4B5A-9C30-DF6AC5C178C1}
		{5ECD1654-963D-4071-8672-F3A21C1C420B} = {E395D3DB-DAC6-48FF-9AE7-D073D4F8BF1B}
		{19ECC86B-DA7B-4DF7-8F97-1B3E7B73FD4C} = {E395D3DB-DAC6-48FF-9AE7-D073D4F8BF1B}
		{4675883C-38A8-431B-A20D-339A4F53073E} = {E395D3DB-DAC6-48FF-9AE7-D073D4F8BF1B}
		{00309942-0C9A-4C41-9B91-186347E9D965} = {4675883C-38A8-431B-A20D-339A4F53073E}
		{E65060BB-225F-4E99-91CD-990B0F840B8A} = {4675883C-38A8-431B-A20D-339A4F53073E}
		{C0C454E7-3ACF-4BC3-8FE7-D7C56A8CC21E} = {5D01FE95-A73D-4F46-BCD6-FA67AE81C25A}
		{59C1DA7E-8E6E-46B8-AE4C-040D2D1E6BC8} = {A9E5B42A-8067-493E-ABA5-824DBA698F45}
		{E8997B6E-BD66-4191-88A0-732186922E6B} = {59C1DA7E-8E6E-46B8-AE4C-040D2D1E6BC8}
		{618E1955-ECBA-448E-A887-21F78EE1035C} = {00309942-0C9A-4C41-9B91-186347E9D965}
		{BFB77FD3-DD27-4913-88BD-38D8D2774811} = {E395D3DB-DAC6-48FF-9AE7-D073D4F8BF1B}
		{0AC21C07-EE0B-43A4-8C53-D57C32C2FB4E} = {BFB77FD3-DD27-4913-88BD-38D8D2774811}
		{A2BA8933-D29D-4856-87B9-29E1D3D0B034} = {0AC21C07-EE0B-43A4-8C53-D57C32C2FB4E}
		{F84A6155-6936-4735-9789-922A6739BC12} = {C0C454E7-3ACF-4BC3-8FE7-D7C56A8CC21E}
		{48917FD9-3CED-486B-ADA7-17264AAC5BD3} = {ED996611-FCEC-4B5A-9C30-DF6AC5C178C1}
		{0551AB0C-78A7-45BD-B1A0-D1451D5D70D6} = {0D4B5CD8-AB14-4AB7-89F9-94145E8B851D}
		{3F898486-EE6C-41F9-A118-5EA4474438AA} = {19ECC86B-DA7B-4DF7-8F97-1B3E7B73FD4C}
		{80BB764D-4CF9-4342-B389-549630541F9A} = {BFB77FD3-DD27-4913-88BD-38D8D2774811}
		{D9FDF483-5DB1-4C3D-8EEA-4C3714F46E48} = {80BB764D-4CF9-4342-B389-549630541F9A}
		{0D4B5CD8-AB14-4AB7-89F9-94145E8B851D} = {48917FD9-3CED-486B-ADA7-17264AAC5BD3}
		{3FA74FAC-C972-46C6-B19D-4E182E4653C0} = {E65060BB-225F-4E99-91CD-990B0F840B8A}
		{323A2D74-144F-43D0-B062-E0BD19FFEB85} = {E65060BB-225F-4E99-91CD-990B0F840B8A}
		{7A876671-3BBA-4214-BD2F-DCD6A61001F4} = {3FA74FAC-C972-46C6-B19D-4E182E4653C0}
		{69862B79-C1B2-4876-AA0B-AC15CEA04B36} = {323A2D74-144F-43D0-B062-E0BD19FFEB85}
		{F9F79AB7-D35A-4DA6-9D1B-12EDC155231C} = {59C1DA7E-8E6E-46B8-AE4C-040D2D1E6BC8}
		{B44DB04D-3A72-44AF-AE84-660B49C83776} = {F60442CD-53D4-4B42-A185-70287C45EDA5}
		{910625B8-8E28-4FDF-99F5-BC4C5928B8F3} = {552537DC-1F99-4173-89B8-F706901CCB42}
		{27AC7E7B-D79B-4709-B967-88EB06690929} = {407B179E-ED42-4D2F-A089-D0F3C0283079}
		{02113068-6B36-48FD-8235-7854FE46E369} = {407B179E-ED42-4D2F-A089-D0F3C0283079}
		{17D46FCC-A621-4127-BDAA-BE8A1D65E1ED} = {02113068-6B36-48FD-8235-7854FE46E369}
		{7CAB31F7-6D2B-4A5A-BF78-140E3EE422F3} = {02113068-6B36-48FD-8235-7854FE46E369}
		{9E48AB08-E88E-4A44-A646-972BAF139AD0} = {27AC7E7B-D79B-4709-B967-88EB06690929}
		{C6542900-9A07-406A-A162-648F95A18305} = {E395D3DB-DAC6-48FF-9AE7-D073D4F8BF1B}
		{1ADAA669-65F4-4649-9C84-C2A2ED1FA4A8} = {AF73276B-26B2-480A-9F1E-5A11C2ADCE6F}
		{AF73276B-26B2-480A-9F1E-5A11C2ADCE6F} = {C6542900-9A07-406A-A162-648F95A18305}
		{D05857D2-FBFB-4A55-8DFD-165D44349DAE} = {F0E8FE5E-3F1F-4757-94F3-9EC0DFE020C6}
		{62CDAD0B-7EB6-4945-8D25-B2928AD4AB31} = {C6542900-9A07-406A-A162-648F95A18305}
		{F0E8FE5E-3F1F-4757-94F3-9EC0DFE020C6} = {62CDAD0B-7EB6-4945-8D25-B2928AD4AB31}
		{C19DE7D2-4CCF-459A-9230-791DA46B2E41} = {E395D3DB-DAC6-48FF-9AE7-D073D4F8BF1B}
		{20663A24-AAC6-4337-9785-2122EC65278A} = {C19DE7D2-4CCF-459A-9230-791DA46B2E41}
		{CA0E221F-AF35-4DE4-8B94-65859366882E} = {20663A24-AAC6-4337-9785-2122EC65278A}
		{DEBEBE86-6F2B-41B2-A71E-24233C4275E8} = {C19DE7D2-4CCF-459A-9230-791DA46B2E41}
		{59086FB7-B78C-4846-85A5-BD642E1492A1} = {C19DE7D2-4CCF-459A-9230-791DA46B2E41}
		{47412F9B-E02B-44B2-9CEB-91C7BD63D60E} = {C19DE7D2-4CCF-459A-9230-791DA46B2E41}
		{2CE9CC43-278C-4EF8-8BBE-FEF53FF2E9F6} = {ED996611-FCEC-4B5A-9C30-DF6AC5C178C1}
		{FD4F48DE-9E3C-4C4E-AA19-B80153C2F03C} = {2CE9CC43-278C-4EF8-8BBE-FEF53FF2E9F6}
		{C7455C8B-70AE-4CB8-9456-5440AF486352} = {C19DE7D2-4CCF-459A-9230-791DA46B2E41}
		{39F9B174-5A4F-4E60-90DF-258A366B96AE} = {C7455C8B-70AE-4CB8-9456-5440AF486352}
		{4AA0BBC8-E853-4C34-A384-FCE899299448} = {DEBEBE86-6F2B-41B2-A71E-24233C4275E8}
		{CBB6CC02-9360-45DB-8343-336BD11DBE6B} = {59086FB7-B78C-4846-85A5-BD642E1492A1}
		{F65FFE18-8359-4DE4-9036-B96C3F64D587} = {47412F9B-E02B-44B2-9CEB-91C7BD63D60E}
		{552537DC-1F99-4173-89B8-F706901CCB42} = {F9F79AB7-D35A-4DA6-9D1B-12EDC155231C}
		{B96443A0-61D9-409A-A15D-E0801A6D91B5} = {A9E5B42A-8067-493E-ABA5-824DBA698F45}
		{34F2778E-F241-416E-9C6A-60A0C28BE1A6} = {27AC7E7B-D79B-4709-B967-88EB06690929}
		{F9AAD4F8-E660-4A9F-A9E5-1F026AA3938A} = {02113068-6B36-48FD-8235-7854FE46E369}
		{C7443BFB-694D-4C54-ACA4-EFA550A3744A} = {02113068-6B36-48FD-8235-7854FE46E369}
		{F60442CD-53D4-4B42-A185-70287C45EDA5} = {E8997B6E-BD66-4191-88A0-732186922E6B}
		{5E9F51C8-E737-477D-8CD2-9CA329E22D3A} = {B96443A0-61D9-409A-A15D-E0801A6D91B5}
		{C390331D-D64E-4483-B572-67E2BD1D8548} = {5E9F51C8-E737-477D-8CD2-9CA329E22D3A}
		{961107A9-B668-4176-BDF8-A7260D8C227A} = {FD4F48DE-9E3C-4C4E-AA19-B80153C2F03C}
	EndGlobalSection
	GlobalSection(ExtensibilityGlobals) = postSolution
		SolutionGuid = {7E253257-825E-40F1-9BD8-3624F02E7544}
	EndGlobalSection
EndGlobal
