
Microsoft Visual Studio Solution File, Format Version 12.00
# Visual Studio Version 17
VisualStudioVersion = 17.2.32616.157
MinimumVisualStudioVersion = 10.0.40219.1
Project("{2150E333-8FDC-42A3-9474-1A3956D46DE8}") = "lib", "lib", "{ED996611-FCEC-4B5A-9C30-DF6AC5C178C1}"
EndProject
Project("{2150E333-8FDC-42A3-9474-1A3956D46DE8}") = "test", "test", "{407B179E-ED42-4D2F-A089-D0F3C0283079}"
EndProject
Project("{2150E333-8FDC-42A3-9474-1A3956D46DE8}") = "iTin.Core", "iTin.Core", "{E395D3DB-DAC6-48FF-9AE7-D073D4F8BF1B}"
EndProject
Project("{9A19103F-16F7-4668-BE54-9A1E7A4F7556}") = "iTin.Core", "src\lib\iTin.Core\iTin.Core\iTin.Core.csproj", "{09441E53-0F94-478F-941A-F2AAAF2C9A2A}"
EndProject
Project("{2150E333-8FDC-42A3-9474-1A3956D46DE8}") = "iTin.Registry", "iTin.Registry", "{5D01FE95-A73D-4F46-BCD6-FA67AE81C25A}"
EndProject
Project("{2150E333-8FDC-42A3-9474-1A3956D46DE8}") = "iTin.Utilities", "iTin.Utilities", "{A9E5B42A-8067-493E-ABA5-824DBA698F45}"
EndProject
Project("{2150E333-8FDC-42A3-9474-1A3956D46DE8}") = "iTin.Core", "iTin.Core", "{5ECD1654-963D-4071-8672-F3A21C1C420B}"
EndProject
Project("{2150E333-8FDC-42A3-9474-1A3956D46DE8}") = "iTin.Core.Drawing", "iTin.Core.Drawing", "{19ECC86B-DA7B-4DF7-8F97-1B3E7B73FD4C}"
EndProject
Project("{2150E333-8FDC-42A3-9474-1A3956D46DE8}") = "iTin.Core.Models", "iTin.Core.Models", "{4675883C-38A8-431B-A20D-339A4F53073E}"
EndProject
Project("{2150E333-8FDC-42A3-9474-1A3956D46DE8}") = "iTin.Core.Models", "iTin.Core.Models", "{00309942-0C9A-4C41-9B91-186347E9D965}"
EndProject
Project("{2150E333-8FDC-42A3-9474-1A3956D46DE8}") = "iTin.Core.Models.Design", "iTin.Core.Models.Design", "{E65060BB-225F-4E99-91CD-990B0F840B8A}"
EndProject
Project("{2150E333-8FDC-42A3-9474-1A3956D46DE8}") = "iTin.Registry.Windows", "iTin.Registry.Windows", "{C0C454E7-3ACF-4BC3-8FE7-D7C56A8CC21E}"
EndProject
Project("{2150E333-8FDC-42A3-9474-1A3956D46DE8}") = "iTin.Utilities.Pdf", "iTin.Utilities.Pdf", "{59C1DA7E-8E6E-46B8-AE4C-040D2D1E6BC8}"
EndProject
Project("{2150E333-8FDC-42A3-9474-1A3956D46DE8}") = "iTin.Utilities.Pdf.Design", "iTin.Utilities.Pdf.Design", "{E8997B6E-BD66-4191-88A0-732186922E6B}"
EndProject
Project("{9A19103F-16F7-4668-BE54-9A1E7A4F7556}") = "iTin.Core.Models", "src\lib\iTin.Core\iTin.Core.Models\iTin.Core.Models.csproj", "{618E1955-ECBA-448E-A887-21F78EE1035C}"
EndProject
Project("{2150E333-8FDC-42A3-9474-1A3956D46DE8}") = "iTin.Core.IO", "iTin.Core.IO", "{BFB77FD3-DD27-4913-88BD-38D8D2774811}"
EndProject
Project("{2150E333-8FDC-42A3-9474-1A3956D46DE8}") = "iTin.Core.IO", "iTin.Core.IO", "{0AC21C07-EE0B-43A4-8C53-D57C32C2FB4E}"
EndProject
Project("{9A19103F-16F7-4668-BE54-9A1E7A4F7556}") = "iTin.Core.IO", "src\lib\iTin.Core\iTin.Core.IO\iTin.Core.IO.csproj", "{A2BA8933-D29D-4856-87B9-29E1D3D0B034}"
EndProject
Project("{9A19103F-16F7-4668-BE54-9A1E7A4F7556}") = "iTin.Registry.Windows", "src\lib\iTin.Registry\iTin.Registry.Windows\iTin.Registry.Windows.csproj", "{F84A6155-6936-4735-9789-922A6739BC12}"
EndProject
Project("{2150E333-8FDC-42A3-9474-1A3956D46DE8}") = "iTin.Logging", "iTin.Logging", "{48917FD9-3CED-486B-ADA7-17264AAC5BD3}"
EndProject
Project("{9A19103F-16F7-4668-BE54-9A1E7A4F7556}") = "iTin.Logging", "src\lib\iTin.Logging\iTin.Logging\iTin.Logging.csproj", "{0551AB0C-78A7-45BD-B1A0-D1451D5D70D6}"
EndProject
Project("{9A19103F-16F7-4668-BE54-9A1E7A4F7556}") = "iTin.Core.Drawing", "src\lib\iTin.Core\iTin.Core.Drawing\iTin.Core.Drawing.csproj", "{3F898486-EE6C-41F9-A118-5EA4474438AA}"
EndProject
Project("{2150E333-8FDC-42A3-9474-1A3956D46DE8}") = "iTin.Core.IO.Compression", "iTin.Core.IO.Compression", "{80BB764D-4CF9-4342-B389-549630541F9A}"
EndProject
Project("{9A19103F-16F7-4668-BE54-9A1E7A4F7556}") = "iTin.Core.IO.Compression", "src\lib\iTin.Core\iTin.Core.IO.Compression\iTin.Core.IO.Compression.csproj", "{D9FDF483-5DB1-4C3D-8EEA-4C3714F46E48}"
EndProject
Project("{2150E333-8FDC-42A3-9474-1A3956D46DE8}") = "iTin.Logging", "iTin.Logging", "{0D4B5CD8-AB14-4AB7-89F9-94145E8B851D}"
EndProject
Project("{9A19103F-16F7-4668-BE54-9A1E7A4F7556}") = "iPdfWriter.ConsoleAppCore", "src\test\iPdfWriter.ConsoleAppCore\iPdfWriter.ConsoleAppCore.csproj", "{C308C0AC-B3A1-4C02-A8D0-8EC79A0CDC8F}"
EndProject
Project("{2150E333-8FDC-42A3-9474-1A3956D46DE8}") = "iTin.Core.Models.Design.Charting", "iTin.Core.Models.Design.Charting", "{3FA74FAC-C972-46C6-B19D-4E182E4653C0}"
EndProject
Project("{2150E333-8FDC-42A3-9474-1A3956D46DE8}") = "iTin.Core.Models.Design.Styling", "iTin.Core.Models.Design.Styling", "{323A2D74-144F-43D0-B062-E0BD19FFEB85}"
EndProject
Project("{9A19103F-16F7-4668-BE54-9A1E7A4F7556}") = "iTin.Core.Models.Design.Charting", "src\lib\iTin.Core\iTin.Core.Models.Design\iTin.Core.Models.Design.Charting\iTin.Core.Models.Design.Charting.csproj", "{7A876671-3BBA-4214-BD2F-DCD6A61001F4}"
EndProject
Project("{9A19103F-16F7-4668-BE54-9A1E7A4F7556}") = "iTin.Core.Models.Design.Styling", "src\lib\iTin.Core\iTin.Core.Models.Design\iTin.Core.Models.Design.Styling\iTin.Core.Models.Design.Styling.csproj", "{69862B79-C1B2-4876-AA0B-AC15CEA04B36}"
EndProject
Project("{2150E333-8FDC-42A3-9474-1A3956D46DE8}") = "iTin.Utilities.Pdf.Writer", "iTin.Utilities.Pdf.Writer", "{F9F79AB7-D35A-4DA6-9D1B-12EDC155231C}"
EndProject
Project("{9A19103F-16F7-4668-BE54-9A1E7A4F7556}") = "iTin.Utilities.Pdf.Design", "src\lib\iTin.Utilities\iTin.Utilities.Pdf\iTin.Utilities.Pdf.Design\iTin.Utilities.Pdf.Design.csproj", "{B44DB04D-3A72-44AF-AE84-660B49C83776}"
EndProject
Project("{9A19103F-16F7-4668-BE54-9A1E7A4F7556}") = "iTin.Utilities.Pdf.Writer", "src\lib\iTin.Utilities\iTin.Utilities.Pdf\iTin.Utilities.Pdf.Writer\iTin.Utilities.Pdf.Writer.csproj", "{910625B8-8E28-4FDF-99F5-BC4C5928B8F3}"
EndProject
Global
	GlobalSection(SolutionConfigurationPlatforms) = preSolution
		Debug|Any CPU = Debug|Any CPU
		Release|Any CPU = Release|Any CPU
	EndGlobalSection
	GlobalSection(ProjectConfigurationPlatforms) = postSolution
		{09441E53-0F94-478F-941A-F2AAAF2C9A2A}.Debug|Any CPU.ActiveCfg = Debug|Any CPU
		{09441E53-0F94-478F-941A-F2AAAF2C9A2A}.Debug|Any CPU.Build.0 = Debug|Any CPU
		{09441E53-0F94-478F-941A-F2AAAF2C9A2A}.Release|Any CPU.ActiveCfg = Release|Any CPU
		{09441E53-0F94-478F-941A-F2AAAF2C9A2A}.Release|Any CPU.Build.0 = Release|Any CPU
		{618E1955-ECBA-448E-A887-21F78EE1035C}.Debug|Any CPU.ActiveCfg = Debug|Any CPU
		{618E1955-ECBA-448E-A887-21F78EE1035C}.Debug|Any CPU.Build.0 = Debug|Any CPU
		{618E1955-ECBA-448E-A887-21F78EE1035C}.Release|Any CPU.ActiveCfg = Release|Any CPU
		{618E1955-ECBA-448E-A887-21F78EE1035C}.Release|Any CPU.Build.0 = Release|Any CPU
		{A2BA8933-D29D-4856-87B9-29E1D3D0B034}.Debug|Any CPU.ActiveCfg = Debug|Any CPU
		{A2BA8933-D29D-4856-87B9-29E1D3D0B034}.Debug|Any CPU.Build.0 = Debug|Any CPU
		{A2BA8933-D29D-4856-87B9-29E1D3D0B034}.Release|Any CPU.ActiveCfg = Release|Any CPU
		{A2BA8933-D29D-4856-87B9-29E1D3D0B034}.Release|Any CPU.Build.0 = Release|Any CPU
		{F84A6155-6936-4735-9789-922A6739BC12}.Debug|Any CPU.ActiveCfg = Debug|Any CPU
		{F84A6155-6936-4735-9789-922A6739BC12}.Debug|Any CPU.Build.0 = Debug|Any CPU
		{F84A6155-6936-4735-9789-922A6739BC12}.Release|Any CPU.ActiveCfg = Release|Any CPU
		{F84A6155-6936-4735-9789-922A6739BC12}.Release|Any CPU.Build.0 = Release|Any CPU
		{0551AB0C-78A7-45BD-B1A0-D1451D5D70D6}.Debug|Any CPU.ActiveCfg = Debug|Any CPU
		{0551AB0C-78A7-45BD-B1A0-D1451D5D70D6}.Debug|Any CPU.Build.0 = Debug|Any CPU
		{0551AB0C-78A7-45BD-B1A0-D1451D5D70D6}.Release|Any CPU.ActiveCfg = Release|Any CPU
		{0551AB0C-78A7-45BD-B1A0-D1451D5D70D6}.Release|Any CPU.Build.0 = Release|Any CPU
		{3F898486-EE6C-41F9-A118-5EA4474438AA}.Debug|Any CPU.ActiveCfg = Debug|Any CPU
		{3F898486-EE6C-41F9-A118-5EA4474438AA}.Debug|Any CPU.Build.0 = Debug|Any CPU
		{3F898486-EE6C-41F9-A118-5EA4474438AA}.Release|Any CPU.ActiveCfg = Release|Any CPU
		{3F898486-EE6C-41F9-A118-5EA4474438AA}.Release|Any CPU.Build.0 = Release|Any CPU
		{D9FDF483-5DB1-4C3D-8EEA-4C3714F46E48}.Debug|Any CPU.ActiveCfg = Debug|Any CPU
		{D9FDF483-5DB1-4C3D-8EEA-4C3714F46E48}.Debug|Any CPU.Build.0 = Debug|Any CPU
		{D9FDF483-5DB1-4C3D-8EEA-4C3714F46E48}.Release|Any CPU.ActiveCfg = Release|Any CPU
		{D9FDF483-5DB1-4C3D-8EEA-4C3714F46E48}.Release|Any CPU.Build.0 = Release|Any CPU
		{C308C0AC-B3A1-4C02-A8D0-8EC79A0CDC8F}.Debug|Any CPU.ActiveCfg = Debug|Any CPU
		{C308C0AC-B3A1-4C02-A8D0-8EC79A0CDC8F}.Debug|Any CPU.Build.0 = Debug|Any CPU
		{C308C0AC-B3A1-4C02-A8D0-8EC79A0CDC8F}.Release|Any CPU.ActiveCfg = Release|Any CPU
		{C308C0AC-B3A1-4C02-A8D0-8EC79A0CDC8F}.Release|Any CPU.Build.0 = Release|Any CPU
		{7A876671-3BBA-4214-BD2F-DCD6A61001F4}.Debug|Any CPU.ActiveCfg = Debug|Any CPU
		{7A876671-3BBA-4214-BD2F-DCD6A61001F4}.Debug|Any CPU.Build.0 = Debug|Any CPU
		{7A876671-3BBA-4214-BD2F-DCD6A61001F4}.Release|Any CPU.ActiveCfg = Release|Any CPU
		{7A876671-3BBA-4214-BD2F-DCD6A61001F4}.Release|Any CPU.Build.0 = Release|Any CPU
		{69862B79-C1B2-4876-AA0B-AC15CEA04B36}.Debug|Any CPU.ActiveCfg = Debug|Any CPU
		{69862B79-C1B2-4876-AA0B-AC15CEA04B36}.Debug|Any CPU.Build.0 = Debug|Any CPU
		{69862B79-C1B2-4876-AA0B-AC15CEA04B36}.Release|Any CPU.ActiveCfg = Release|Any CPU
		{69862B79-C1B2-4876-AA0B-AC15CEA04B36}.Release|Any CPU.Build.0 = Release|Any CPU
		{B44DB04D-3A72-44AF-AE84-660B49C83776}.Debug|Any CPU.ActiveCfg = Debug|Any CPU
		{B44DB04D-3A72-44AF-AE84-660B49C83776}.Debug|Any CPU.Build.0 = Debug|Any CPU
		{B44DB04D-3A72-44AF-AE84-660B49C83776}.Release|Any CPU.ActiveCfg = Release|Any CPU
		{B44DB04D-3A72-44AF-AE84-660B49C83776}.Release|Any CPU.Build.0 = Release|Any CPU
		{910625B8-8E28-4FDF-99F5-BC4C5928B8F3}.Debug|Any CPU.ActiveCfg = Debug|Any CPU
		{910625B8-8E28-4FDF-99F5-BC4C5928B8F3}.Debug|Any CPU.Build.0 = Debug|Any CPU
		{910625B8-8E28-4FDF-99F5-BC4C5928B8F3}.Release|Any CPU.ActiveCfg = Release|Any CPU
		{910625B8-8E28-4FDF-99F5-BC4C5928B8F3}.Release|Any CPU.Build.0 = Release|Any CPU
	EndGlobalSection
	GlobalSection(SolutionProperties) = preSolution
		HideSolutionNode = FALSE
	EndGlobalSection
	GlobalSection(NestedProjects) = preSolution
		{E395D3DB-DAC6-48FF-9AE7-D073D4F8BF1B} = {ED996611-FCEC-4B5A-9C30-DF6AC5C178C1}
		{09441E53-0F94-478F-941A-F2AAAF2C9A2A} = {5ECD1654-963D-4071-8672-F3A21C1C420B}
		{5D01FE95-A73D-4F46-BCD6-FA67AE81C25A} = {ED996611-FCEC-4B5A-9C30-DF6AC5C178C1}
		{A9E5B42A-8067-493E-ABA5-824DBA698F45} = {ED996611-FCEC-4B5A-9C30-DF6AC5C178C1}
		{5ECD1654-963D-4071-8672-F3A21C1C420B} = {E395D3DB-DAC6-48FF-9AE7-D073D4F8BF1B}
		{19ECC86B-DA7B-4DF7-8F97-1B3E7B73FD4C} = {E395D3DB-DAC6-48FF-9AE7-D073D4F8BF1B}
		{4675883C-38A8-431B-A20D-339A4F53073E} = {E395D3DB-DAC6-48FF-9AE7-D073D4F8BF1B}
		{00309942-0C9A-4C41-9B91-186347E9D965} = {4675883C-38A8-431B-A20D-339A4F53073E}
		{E65060BB-225F-4E99-91CD-990B0F840B8A} = {4675883C-38A8-431B-A20D-339A4F53073E}
		{C0C454E7-3ACF-4BC3-8FE7-D7C56A8CC21E} = {5D01FE95-A73D-4F46-BCD6-FA67AE81C25A}
		{59C1DA7E-8E6E-46B8-AE4C-040D2D1E6BC8} = {A9E5B42A-8067-493E-ABA5-824DBA698F45}
		{E8997B6E-BD66-4191-88A0-732186922E6B} = {59C1DA7E-8E6E-46B8-AE4C-040D2D1E6BC8}
		{618E1955-ECBA-448E-A887-21F78EE1035C} = {00309942-0C9A-4C41-9B91-186347E9D965}
		{BFB77FD3-DD27-4913-88BD-38D8D2774811} = {E395D3DB-DAC6-48FF-9AE7-D073D4F8BF1B}
		{0AC21C07-EE0B-43A4-8C53-D57C32C2FB4E} = {BFB77FD3-DD27-4913-88BD-38D8D2774811}
		{A2BA8933-D29D-4856-87B9-29E1D3D0B034} = {0AC21C07-EE0B-43A4-8C53-D57C32C2FB4E}
		{F84A6155-6936-4735-9789-922A6739BC12} = {C0C454E7-3ACF-4BC3-8FE7-D7C56A8CC21E}
		{48917FD9-3CED-486B-ADA7-17264AAC5BD3} = {ED996611-FCEC-4B5A-9C30-DF6AC5C178C1}
		{0551AB0C-78A7-45BD-B1A0-D1451D5D70D6} = {0D4B5CD8-AB14-4AB7-89F9-94145E8B851D}
		{3F898486-EE6C-41F9-A118-5EA4474438AA} = {19ECC86B-DA7B-4DF7-8F97-1B3E7B73FD4C}
		{80BB764D-4CF9-4342-B389-549630541F9A} = {BFB77FD3-DD27-4913-88BD-38D8D2774811}
		{D9FDF483-5DB1-4C3D-8EEA-4C3714F46E48} = {80BB764D-4CF9-4342-B389-549630541F9A}
		{0D4B5CD8-AB14-4AB7-89F9-94145E8B851D} = {48917FD9-3CED-486B-ADA7-17264AAC5BD3}
		{C308C0AC-B3A1-4C02-A8D0-8EC79A0CDC8F} = {407B179E-ED42-4D2F-A089-D0F3C0283079}
		{3FA74FAC-C972-46C6-B19D-4E182E4653C0} = {E65060BB-225F-4E99-91CD-990B0F840B8A}
		{323A2D74-144F-43D0-B062-E0BD19FFEB85} = {E65060BB-225F-4E99-91CD-990B0F840B8A}
		{7A876671-3BBA-4214-BD2F-DCD6A61001F4} = {3FA74FAC-C972-46C6-B19D-4E182E4653C0}
		{69862B79-C1B2-4876-AA0B-AC15CEA04B36} = {323A2D74-144F-43D0-B062-E0BD19FFEB85}
		{F9F79AB7-D35A-4DA6-9D1B-12EDC155231C} = {59C1DA7E-8E6E-46B8-AE4C-040D2D1E6BC8}
		{B44DB04D-3A72-44AF-AE84-660B49C83776} = {E8997B6E-BD66-4191-88A0-732186922E6B}
		{910625B8-8E28-4FDF-99F5-BC4C5928B8F3} = {F9F79AB7-D35A-4DA6-9D1B-12EDC155231C}
	EndGlobalSection
	GlobalSection(ExtensibilityGlobals) = postSolution
		SolutionGuid = {7E253257-825E-40F1-9BD8-3624F02E7544}
	EndGlobalSection
EndGlobal
